
Microsoft Visual Studio Solution File, Format Version 12.00
# Visual Studio 15
VisualStudioVersion = 15.0.28307.902
MinimumVisualStudioVersion = 10.0.40219.1
Project("{FAE04EC0-301F-11D3-BF4B-00C04F79EFBC}") = "CustomRenderers.Android", "CustomRenderers\CustomRenderers.Android\CustomRenderers.Android.csproj", "{C4AD8E8C-AD60-4490-BDD3-852F5BD7CB3B}"
EndProject
Project("{FAE04EC0-301F-11D3-BF4B-00C04F79EFBC}") = "CustomRenderers.iOS", "CustomRenderers\CustomRenderers.iOS\CustomRenderers.iOS.csproj", "{E4D541A2-B0A1-47BC-A2AC-9DC9504BDDF0}"
EndProject
Project("{FAE04EC0-301F-11D3-BF4B-00C04F79EFBC}") = "CustomRenderers.UWP", "CustomRenderers\CustomRenderers.UWP\CustomRenderers.UWP.csproj", "{212FA953-EE00-476C-B7BE-A0B696EE53BE}"
EndProject
Project("{FAE04EC0-301F-11D3-BF4B-00C04F79EFBC}") = "CustomRenderers", "CustomRenderers\CustomRenderers\CustomRenderers.csproj", "{B0F54147-3830-4F6A-BB1E-141A9D647124}"
EndProject
Global
	GlobalSection(SolutionConfigurationPlatforms) = preSolution
		Ad-Hoc|Any CPU = Ad-Hoc|Any CPU
		Ad-Hoc|ARM = Ad-Hoc|ARM
		Ad-Hoc|iPhone = Ad-Hoc|iPhone
		Ad-Hoc|iPhoneSimulator = Ad-Hoc|iPhoneSimulator
		Ad-Hoc|x64 = Ad-Hoc|x64
		Ad-Hoc|x86 = Ad-Hoc|x86
		AppStore|Any CPU = AppStore|Any CPU
		AppStore|ARM = AppStore|ARM
		AppStore|iPhone = AppStore|iPhone
		AppStore|iPhoneSimulator = AppStore|iPhoneSimulator
		AppStore|x64 = AppStore|x64
		AppStore|x86 = AppStore|x86
		Debug|Any CPU = Debug|Any CPU
		Debug|ARM = Debug|ARM
		Debug|iPhone = Debug|iPhone
		Debug|iPhoneSimulator = Debug|iPhoneSimulator
		Debug|x64 = Debug|x64
		Debug|x86 = Debug|x86
		Release|Any CPU = Release|Any CPU
		Release|ARM = Release|ARM
		Release|iPhone = Release|iPhone
		Release|iPhoneSimulator = Release|iPhoneSimulator
		Release|x64 = Release|x64
		Release|x86 = Release|x86
	EndGlobalSection
	GlobalSection(ProjectConfigurationPlatforms) = postSolution
		{C4AD8E8C-AD60-4490-BDD3-852F5BD7CB3B}.Ad-Hoc|Any CPU.ActiveCfg = Release|Any CPU
		{C4AD8E8C-AD60-4490-BDD3-852F5BD7CB3B}.Ad-Hoc|Any CPU.Build.0 = Release|Any CPU
		{C4AD8E8C-AD60-4490-BDD3-852F5BD7CB3B}.Ad-Hoc|Any CPU.Deploy.0 = Release|Any CPU
		{C4AD8E8C-AD60-4490-BDD3-852F5BD7CB3B}.Ad-Hoc|ARM.ActiveCfg = Release|Any CPU
		{C4AD8E8C-AD60-4490-BDD3-852F5BD7CB3B}.Ad-Hoc|ARM.Build.0 = Release|Any CPU
		{C4AD8E8C-AD60-4490-BDD3-852F5BD7CB3B}.Ad-Hoc|ARM.Deploy.0 = Release|Any CPU
		{C4AD8E8C-AD60-4490-BDD3-852F5BD7CB3B}.Ad-Hoc|iPhone.ActiveCfg = Release|Any CPU
		{C4AD8E8C-AD60-4490-BDD3-852F5BD7CB3B}.Ad-Hoc|iPhone.Build.0 = Release|Any CPU
		{C4AD8E8C-AD60-4490-BDD3-852F5BD7CB3B}.Ad-Hoc|iPhone.Deploy.0 = Release|Any CPU
		{C4AD8E8C-AD60-4490-BDD3-852F5BD7CB3B}.Ad-Hoc|iPhoneSimulator.ActiveCfg = Release|Any CPU
		{C4AD8E8C-AD60-4490-BDD3-852F5BD7CB3B}.Ad-Hoc|iPhoneSimulator.Build.0 = Release|Any CPU
		{C4AD8E8C-AD60-4490-BDD3-852F5BD7CB3B}.Ad-Hoc|iPhoneSimulator.Deploy.0 = Release|Any CPU
		{C4AD8E8C-AD60-4490-BDD3-852F5BD7CB3B}.Ad-Hoc|x64.ActiveCfg = Release|Any CPU
		{C4AD8E8C-AD60-4490-BDD3-852F5BD7CB3B}.Ad-Hoc|x64.Build.0 = Release|Any CPU
		{C4AD8E8C-AD60-4490-BDD3-852F5BD7CB3B}.Ad-Hoc|x64.Deploy.0 = Release|Any CPU
		{C4AD8E8C-AD60-4490-BDD3-852F5BD7CB3B}.Ad-Hoc|x86.ActiveCfg = Release|Any CPU
		{C4AD8E8C-AD60-4490-BDD3-852F5BD7CB3B}.Ad-Hoc|x86.Build.0 = Release|Any CPU
		{C4AD8E8C-AD60-4490-BDD3-852F5BD7CB3B}.Ad-Hoc|x86.Deploy.0 = Release|Any CPU
		{C4AD8E8C-AD60-4490-BDD3-852F5BD7CB3B}.AppStore|Any CPU.ActiveCfg = Release|Any CPU
		{C4AD8E8C-AD60-4490-BDD3-852F5BD7CB3B}.AppStore|Any CPU.Build.0 = Release|Any CPU
		{C4AD8E8C-AD60-4490-BDD3-852F5BD7CB3B}.AppStore|Any CPU.Deploy.0 = Release|Any CPU
		{C4AD8E8C-AD60-4490-BDD3-852F5BD7CB3B}.AppStore|ARM.ActiveCfg = Release|Any CPU
		{C4AD8E8C-AD60-4490-BDD3-852F5BD7CB3B}.AppStore|ARM.Build.0 = Release|Any CPU
		{C4AD8E8C-AD60-4490-BDD3-852F5BD7CB3B}.AppStore|ARM.Deploy.0 = Release|Any CPU
		{C4AD8E8C-AD60-4490-BDD3-852F5BD7CB3B}.AppStore|iPhone.ActiveCfg = Release|Any CPU
		{C4AD8E8C-AD60-4490-BDD3-852F5BD7CB3B}.AppStore|iPhone.Build.0 = Release|Any CPU
		{C4AD8E8C-AD60-4490-BDD3-852F5BD7CB3B}.AppStore|iPhone.Deploy.0 = Release|Any CPU
		{C4AD8E8C-AD60-4490-BDD3-852F5BD7CB3B}.AppStore|iPhoneSimulator.ActiveCfg = Release|Any CPU
		{C4AD8E8C-AD60-4490-BDD3-852F5BD7CB3B}.AppStore|iPhoneSimulator.Build.0 = Release|Any CPU
		{C4AD8E8C-AD60-4490-BDD3-852F5BD7CB3B}.AppStore|iPhoneSimulator.Deploy.0 = Release|Any CPU
		{C4AD8E8C-AD60-4490-BDD3-852F5BD7CB3B}.AppStore|x64.ActiveCfg = Release|Any CPU
		{C4AD8E8C-AD60-4490-BDD3-852F5BD7CB3B}.AppStore|x64.Build.0 = Release|Any CPU
		{C4AD8E8C-AD60-4490-BDD3-852F5BD7CB3B}.AppStore|x64.Deploy.0 = Release|Any CPU
		{C4AD8E8C-AD60-4490-BDD3-852F5BD7CB3B}.AppStore|x86.ActiveCfg = Release|Any CPU
		{C4AD8E8C-AD60-4490-BDD3-852F5BD7CB3B}.AppStore|x86.Build.0 = Release|Any CPU
		{C4AD8E8C-AD60-4490-BDD3-852F5BD7CB3B}.AppStore|x86.Deploy.0 = Release|Any CPU
		{C4AD8E8C-AD60-4490-BDD3-852F5BD7CB3B}.Debug|Any CPU.ActiveCfg = Debug|Any CPU
		{C4AD8E8C-AD60-4490-BDD3-852F5BD7CB3B}.Debug|Any CPU.Build.0 = Debug|Any CPU
		{C4AD8E8C-AD60-4490-BDD3-852F5BD7CB3B}.Debug|Any CPU.Deploy.0 = Debug|Any CPU
		{C4AD8E8C-AD60-4490-BDD3-852F5BD7CB3B}.Debug|ARM.ActiveCfg = Debug|Any CPU
		{C4AD8E8C-AD60-4490-BDD3-852F5BD7CB3B}.Debug|ARM.Build.0 = Debug|Any CPU
		{C4AD8E8C-AD60-4490-BDD3-852F5BD7CB3B}.Debug|ARM.Deploy.0 = Debug|Any CPU
		{C4AD8E8C-AD60-4490-BDD3-852F5BD7CB3B}.Debug|iPhone.ActiveCfg = Debug|Any CPU
		{C4AD8E8C-AD60-4490-BDD3-852F5BD7CB3B}.Debug|iPhone.Build.0 = Debug|Any CPU
		{C4AD8E8C-AD60-4490-BDD3-852F5BD7CB3B}.Debug|iPhone.Deploy.0 = Debug|Any CPU
		{C4AD8E8C-AD60-4490-BDD3-852F5BD7CB3B}.Debug|iPhoneSimulator.ActiveCfg = Debug|Any CPU
		{C4AD8E8C-AD60-4490-BDD3-852F5BD7CB3B}.Debug|iPhoneSimulator.Build.0 = Debug|Any CPU
		{C4AD8E8C-AD60-4490-BDD3-852F5BD7CB3B}.Debug|iPhoneSimulator.Deploy.0 = Debug|Any CPU
		{C4AD8E8C-AD60-4490-BDD3-852F5BD7CB3B}.Debug|x64.ActiveCfg = Debug|Any CPU
		{C4AD8E8C-AD60-4490-BDD3-852F5BD7CB3B}.Debug|x64.Build.0 = Debug|Any CPU
		{C4AD8E8C-AD60-4490-BDD3-852F5BD7CB3B}.Debug|x64.Deploy.0 = Debug|Any CPU
		{C4AD8E8C-AD60-4490-BDD3-852F5BD7CB3B}.Debug|x86.ActiveCfg = Debug|Any CPU
		{C4AD8E8C-AD60-4490-BDD3-852F5BD7CB3B}.Debug|x86.Build.0 = Debug|Any CPU
		{C4AD8E8C-AD60-4490-BDD3-852F5BD7CB3B}.Debug|x86.Deploy.0 = Debug|Any CPU
		{C4AD8E8C-AD60-4490-BDD3-852F5BD7CB3B}.Release|Any CPU.ActiveCfg = Release|Any CPU
		{C4AD8E8C-AD60-4490-BDD3-852F5BD7CB3B}.Release|Any CPU.Build.0 = Release|Any CPU
		{C4AD8E8C-AD60-4490-BDD3-852F5BD7CB3B}.Release|Any CPU.Deploy.0 = Release|Any CPU
		{C4AD8E8C-AD60-4490-BDD3-852F5BD7CB3B}.Release|ARM.ActiveCfg = Release|Any CPU
		{C4AD8E8C-AD60-4490-BDD3-852F5BD7CB3B}.Release|ARM.Build.0 = Release|Any CPU
		{C4AD8E8C-AD60-4490-BDD3-852F5BD7CB3B}.Release|ARM.Deploy.0 = Release|Any CPU
		{C4AD8E8C-AD60-4490-BDD3-852F5BD7CB3B}.Release|iPhone.ActiveCfg = Release|Any CPU
		{C4AD8E8C-AD60-4490-BDD3-852F5BD7CB3B}.Release|iPhone.Build.0 = Release|Any CPU
		{C4AD8E8C-AD60-4490-BDD3-852F5BD7CB3B}.Release|iPhone.Deploy.0 = Release|Any CPU
		{C4AD8E8C-AD60-4490-BDD3-852F5BD7CB3B}.Release|iPhoneSimulator.ActiveCfg = Release|Any CPU
		{C4AD8E8C-AD60-4490-BDD3-852F5BD7CB3B}.Release|iPhoneSimulator.Build.0 = Release|Any CPU
		{C4AD8E8C-AD60-4490-BDD3-852F5BD7CB3B}.Release|iPhoneSimulator.Deploy.0 = Release|Any CPU
		{C4AD8E8C-AD60-4490-BDD3-852F5BD7CB3B}.Release|x64.ActiveCfg = Release|Any CPU
		{C4AD8E8C-AD60-4490-BDD3-852F5BD7CB3B}.Release|x64.Build.0 = Release|Any CPU
		{C4AD8E8C-AD60-4490-BDD3-852F5BD7CB3B}.Release|x64.Deploy.0 = Release|Any CPU
		{C4AD8E8C-AD60-4490-BDD3-852F5BD7CB3B}.Release|x86.ActiveCfg = Release|Any CPU
		{C4AD8E8C-AD60-4490-BDD3-852F5BD7CB3B}.Release|x86.Build.0 = Release|Any CPU
		{C4AD8E8C-AD60-4490-BDD3-852F5BD7CB3B}.Release|x86.Deploy.0 = Release|Any CPU
		{E4D541A2-B0A1-47BC-A2AC-9DC9504BDDF0}.Ad-Hoc|Any CPU.ActiveCfg = Ad-Hoc|iPhone
		{E4D541A2-B0A1-47BC-A2AC-9DC9504BDDF0}.Ad-Hoc|Any CPU.Build.0 = Ad-Hoc|iPhone
		{E4D541A2-B0A1-47BC-A2AC-9DC9504BDDF0}.Ad-Hoc|Any CPU.Deploy.0 = Ad-Hoc|iPhone
		{E4D541A2-B0A1-47BC-A2AC-9DC9504BDDF0}.Ad-Hoc|ARM.ActiveCfg = Ad-Hoc|iPhone
		{E4D541A2-B0A1-47BC-A2AC-9DC9504BDDF0}.Ad-Hoc|ARM.Build.0 = Ad-Hoc|iPhone
		{E4D541A2-B0A1-47BC-A2AC-9DC9504BDDF0}.Ad-Hoc|ARM.Deploy.0 = Ad-Hoc|iPhone
		{E4D541A2-B0A1-47BC-A2AC-9DC9504BDDF0}.Ad-Hoc|iPhone.ActiveCfg = Ad-Hoc|iPhone
		{E4D541A2-B0A1-47BC-A2AC-9DC9504BDDF0}.Ad-Hoc|iPhone.Build.0 = Ad-Hoc|iPhone
		{E4D541A2-B0A1-47BC-A2AC-9DC9504BDDF0}.Ad-Hoc|iPhone.Deploy.0 = Ad-Hoc|iPhone
		{E4D541A2-B0A1-47BC-A2AC-9DC9504BDDF0}.Ad-Hoc|iPhoneSimulator.ActiveCfg = Ad-Hoc|iPhoneSimulator
		{E4D541A2-B0A1-47BC-A2AC-9DC9504BDDF0}.Ad-Hoc|iPhoneSimulator.Build.0 = Ad-Hoc|iPhoneSimulator
		{E4D541A2-B0A1-47BC-A2AC-9DC9504BDDF0}.Ad-Hoc|iPhoneSimulator.Deploy.0 = Ad-Hoc|iPhoneSimulator
		{E4D541A2-B0A1-47BC-A2AC-9DC9504BDDF0}.Ad-Hoc|x64.ActiveCfg = Ad-Hoc|iPhone
		{E4D541A2-B0A1-47BC-A2AC-9DC9504BDDF0}.Ad-Hoc|x64.Build.0 = Ad-Hoc|iPhone
		{E4D541A2-B0A1-47BC-A2AC-9DC9504BDDF0}.Ad-Hoc|x64.Deploy.0 = Ad-Hoc|iPhone
		{E4D541A2-B0A1-47BC-A2AC-9DC9504BDDF0}.Ad-Hoc|x86.ActiveCfg = Ad-Hoc|iPhone
		{E4D541A2-B0A1-47BC-A2AC-9DC9504BDDF0}.Ad-Hoc|x86.Build.0 = Ad-Hoc|iPhone
		{E4D541A2-B0A1-47BC-A2AC-9DC9504BDDF0}.Ad-Hoc|x86.Deploy.0 = Ad-Hoc|iPhone
		{E4D541A2-B0A1-47BC-A2AC-9DC9504BDDF0}.AppStore|Any CPU.ActiveCfg = AppStore|iPhone
		{E4D541A2-B0A1-47BC-A2AC-9DC9504BDDF0}.AppStore|Any CPU.Build.0 = AppStore|iPhone
		{E4D541A2-B0A1-47BC-A2AC-9DC9504BDDF0}.AppStore|Any CPU.Deploy.0 = AppStore|iPhone
		{E4D541A2-B0A1-47BC-A2AC-9DC9504BDDF0}.AppStore|ARM.ActiveCfg = AppStore|iPhone
		{E4D541A2-B0A1-47BC-A2AC-9DC9504BDDF0}.AppStore|ARM.Build.0 = AppStore|iPhone
		{E4D541A2-B0A1-47BC-A2AC-9DC9504BDDF0}.AppStore|ARM.Deploy.0 = AppStore|iPhone
		{E4D541A2-B0A1-47BC-A2AC-9DC9504BDDF0}.AppStore|iPhone.ActiveCfg = AppStore|iPhone
		{E4D541A2-B0A1-47BC-A2AC-9DC9504BDDF0}.AppStore|iPhone.Build.0 = AppStore|iPhone
		{E4D541A2-B0A1-47BC-A2AC-9DC9504BDDF0}.AppStore|iPhone.Deploy.0 = AppStore|iPhone
		{E4D541A2-B0A1-47BC-A2AC-9DC9504BDDF0}.AppStore|iPhoneSimulator.ActiveCfg = AppStore|iPhoneSimulator
		{E4D541A2-B0A1-47BC-A2AC-9DC9504BDDF0}.AppStore|iPhoneSimulator.Build.0 = AppStore|iPhoneSimulator
		{E4D541A2-B0A1-47BC-A2AC-9DC9504BDDF0}.AppStore|iPhoneSimulator.Deploy.0 = AppStore|iPhoneSimulator
		{E4D541A2-B0A1-47BC-A2AC-9DC9504BDDF0}.AppStore|x64.ActiveCfg = AppStore|iPhone
		{E4D541A2-B0A1-47BC-A2AC-9DC9504BDDF0}.AppStore|x64.Build.0 = AppStore|iPhone
		{E4D541A2-B0A1-47BC-A2AC-9DC9504BDDF0}.AppStore|x64.Deploy.0 = AppStore|iPhone
		{E4D541A2-B0A1-47BC-A2AC-9DC9504BDDF0}.AppStore|x86.ActiveCfg = AppStore|iPhone
		{E4D541A2-B0A1-47BC-A2AC-9DC9504BDDF0}.AppStore|x86.Build.0 = AppStore|iPhone
		{E4D541A2-B0A1-47BC-A2AC-9DC9504BDDF0}.AppStore|x86.Deploy.0 = AppStore|iPhone
		{E4D541A2-B0A1-47BC-A2AC-9DC9504BDDF0}.Debug|Any CPU.ActiveCfg = Debug|iPhoneSimulator
		{E4D541A2-B0A1-47BC-A2AC-9DC9504BDDF0}.Debug|Any CPU.Build.0 = Debug|iPhoneSimulator
		{E4D541A2-B0A1-47BC-A2AC-9DC9504BDDF0}.Debug|Any CPU.Deploy.0 = Debug|iPhoneSimulator
		{E4D541A2-B0A1-47BC-A2AC-9DC9504BDDF0}.Debug|ARM.ActiveCfg = Debug|iPhone
		{E4D541A2-B0A1-47BC-A2AC-9DC9504BDDF0}.Debug|ARM.Build.0 = Debug|iPhone
		{E4D541A2-B0A1-47BC-A2AC-9DC9504BDDF0}.Debug|ARM.Deploy.0 = Debug|iPhone
		{E4D541A2-B0A1-47BC-A2AC-9DC9504BDDF0}.Debug|iPhone.ActiveCfg = Debug|iPhone
		{E4D541A2-B0A1-47BC-A2AC-9DC9504BDDF0}.Debug|iPhone.Build.0 = Debug|iPhone
		{E4D541A2-B0A1-47BC-A2AC-9DC9504BDDF0}.Debug|iPhone.Deploy.0 = Debug|iPhone
		{E4D541A2-B0A1-47BC-A2AC-9DC9504BDDF0}.Debug|iPhoneSimulator.ActiveCfg = Debug|iPhoneSimulator
		{E4D541A2-B0A1-47BC-A2AC-9DC9504BDDF0}.Debug|iPhoneSimulator.Build.0 = Debug|iPhoneSimulator
		{E4D541A2-B0A1-47BC-A2AC-9DC9504BDDF0}.Debug|iPhoneSimulator.Deploy.0 = Debug|iPhoneSimulator
		{E4D541A2-B0A1-47BC-A2AC-9DC9504BDDF0}.Debug|x64.ActiveCfg = Debug|iPhone
		{E4D541A2-B0A1-47BC-A2AC-9DC9504BDDF0}.Debug|x64.Build.0 = Debug|iPhone
		{E4D541A2-B0A1-47BC-A2AC-9DC9504BDDF0}.Debug|x64.Deploy.0 = Debug|iPhone
		{E4D541A2-B0A1-47BC-A2AC-9DC9504BDDF0}.Debug|x86.ActiveCfg = Debug|iPhone
		{E4D541A2-B0A1-47BC-A2AC-9DC9504BDDF0}.Debug|x86.Build.0 = Debug|iPhone
		{E4D541A2-B0A1-47BC-A2AC-9DC9504BDDF0}.Debug|x86.Deploy.0 = Debug|iPhone
		{E4D541A2-B0A1-47BC-A2AC-9DC9504BDDF0}.Release|Any CPU.ActiveCfg = Release|iPhone
		{E4D541A2-B0A1-47BC-A2AC-9DC9504BDDF0}.Release|Any CPU.Build.0 = Release|iPhone
		{E4D541A2-B0A1-47BC-A2AC-9DC9504BDDF0}.Release|Any CPU.Deploy.0 = Release|iPhone
		{E4D541A2-B0A1-47BC-A2AC-9DC9504BDDF0}.Release|ARM.ActiveCfg = Release|iPhone
		{E4D541A2-B0A1-47BC-A2AC-9DC9504BDDF0}.Release|ARM.Build.0 = Release|iPhone
		{E4D541A2-B0A1-47BC-A2AC-9DC9504BDDF0}.Release|ARM.Deploy.0 = Release|iPhone
		{E4D541A2-B0A1-47BC-A2AC-9DC9504BDDF0}.Release|iPhone.ActiveCfg = Release|iPhone
		{E4D541A2-B0A1-47BC-A2AC-9DC9504BDDF0}.Release|iPhone.Build.0 = Release|iPhone
		{E4D541A2-B0A1-47BC-A2AC-9DC9504BDDF0}.Release|iPhone.Deploy.0 = Release|iPhone
		{E4D541A2-B0A1-47BC-A2AC-9DC9504BDDF0}.Release|iPhoneSimulator.ActiveCfg = Release|iPhoneSimulator
		{E4D541A2-B0A1-47BC-A2AC-9DC9504BDDF0}.Release|iPhoneSimulator.Build.0 = Release|iPhoneSimulator
		{E4D541A2-B0A1-47BC-A2AC-9DC9504BDDF0}.Release|iPhoneSimulator.Deploy.0 = Release|iPhoneSimulator
		{E4D541A2-B0A1-47BC-A2AC-9DC9504BDDF0}.Release|x64.ActiveCfg = Release|iPhone
		{E4D541A2-B0A1-47BC-A2AC-9DC9504BDDF0}.Release|x64.Build.0 = Release|iPhone
		{E4D541A2-B0A1-47BC-A2AC-9DC9504BDDF0}.Release|x64.Deploy.0 = Release|iPhone
		{E4D541A2-B0A1-47BC-A2AC-9DC9504BDDF0}.Release|x86.ActiveCfg = Release|iPhone
		{E4D541A2-B0A1-47BC-A2AC-9DC9504BDDF0}.Release|x86.Build.0 = Release|iPhone
		{E4D541A2-B0A1-47BC-A2AC-9DC9504BDDF0}.Release|x86.Deploy.0 = Release|iPhone
		{212FA953-EE00-476C-B7BE-A0B696EE53BE}.Ad-Hoc|Any CPU.ActiveCfg = Release|x86
		{212FA953-EE00-476C-B7BE-A0B696EE53BE}.Ad-Hoc|Any CPU.Build.0 = Release|x86
		{212FA953-EE00-476C-B7BE-A0B696EE53BE}.Ad-Hoc|Any CPU.Deploy.0 = Release|x86
		{212FA953-EE00-476C-B7BE-A0B696EE53BE}.Ad-Hoc|ARM.ActiveCfg = Release|ARM
		{212FA953-EE00-476C-B7BE-A0B696EE53BE}.Ad-Hoc|ARM.Build.0 = Release|ARM
		{212FA953-EE00-476C-B7BE-A0B696EE53BE}.Ad-Hoc|ARM.Deploy.0 = Release|ARM
		{212FA953-EE00-476C-B7BE-A0B696EE53BE}.Ad-Hoc|iPhone.ActiveCfg = Release|x86
		{212FA953-EE00-476C-B7BE-A0B696EE53BE}.Ad-Hoc|iPhone.Build.0 = Release|x86
		{212FA953-EE00-476C-B7BE-A0B696EE53BE}.Ad-Hoc|iPhone.Deploy.0 = Release|x86
		{212FA953-EE00-476C-B7BE-A0B696EE53BE}.Ad-Hoc|iPhoneSimulator.ActiveCfg = Release|x86
		{212FA953-EE00-476C-B7BE-A0B696EE53BE}.Ad-Hoc|iPhoneSimulator.Build.0 = Release|x86
		{212FA953-EE00-476C-B7BE-A0B696EE53BE}.Ad-Hoc|iPhoneSimulator.Deploy.0 = Release|x86
		{212FA953-EE00-476C-B7BE-A0B696EE53BE}.Ad-Hoc|x64.ActiveCfg = Release|x64
		{212FA953-EE00-476C-B7BE-A0B696EE53BE}.Ad-Hoc|x64.Build.0 = Release|x64
		{212FA953-EE00-476C-B7BE-A0B696EE53BE}.Ad-Hoc|x64.Deploy.0 = Release|x64
		{212FA953-EE00-476C-B7BE-A0B696EE53BE}.Ad-Hoc|x86.ActiveCfg = Release|x86
		{212FA953-EE00-476C-B7BE-A0B696EE53BE}.Ad-Hoc|x86.Build.0 = Release|x86
		{212FA953-EE00-476C-B7BE-A0B696EE53BE}.Ad-Hoc|x86.Deploy.0 = Release|x86
		{212FA953-EE00-476C-B7BE-A0B696EE53BE}.AppStore|Any CPU.ActiveCfg = Release|x86
		{212FA953-EE00-476C-B7BE-A0B696EE53BE}.AppStore|Any CPU.Build.0 = Release|x86
		{212FA953-EE00-476C-B7BE-A0B696EE53BE}.AppStore|Any CPU.Deploy.0 = Release|x86
		{212FA953-EE00-476C-B7BE-A0B696EE53BE}.AppStore|ARM.ActiveCfg = Release|ARM
		{212FA953-EE00-476C-B7BE-A0B696EE53BE}.AppStore|ARM.Build.0 = Release|ARM
		{212FA953-EE00-476C-B7BE-A0B696EE53BE}.AppStore|ARM.Deploy.0 = Release|ARM
		{212FA953-EE00-476C-B7BE-A0B696EE53BE}.AppStore|iPhone.ActiveCfg = Release|x86
		{212FA953-EE00-476C-B7BE-A0B696EE53BE}.AppStore|iPhone.Build.0 = Release|x86
		{212FA953-EE00-476C-B7BE-A0B696EE53BE}.AppStore|iPhone.Deploy.0 = Release|x86
		{212FA953-EE00-476C-B7BE-A0B696EE53BE}.AppStore|iPhoneSimulator.ActiveCfg = Release|x86
		{212FA953-EE00-476C-B7BE-A0B696EE53BE}.AppStore|iPhoneSimulator.Build.0 = Release|x86
		{212FA953-EE00-476C-B7BE-A0B696EE53BE}.AppStore|iPhoneSimulator.Deploy.0 = Release|x86
		{212FA953-EE00-476C-B7BE-A0B696EE53BE}.AppStore|x64.ActiveCfg = Release|x64
		{212FA953-EE00-476C-B7BE-A0B696EE53BE}.AppStore|x64.Build.0 = Release|x64
		{212FA953-EE00-476C-B7BE-A0B696EE53BE}.AppStore|x64.Deploy.0 = Release|x64
		{212FA953-EE00-476C-B7BE-A0B696EE53BE}.AppStore|x86.ActiveCfg = Release|x86
		{212FA953-EE00-476C-B7BE-A0B696EE53BE}.AppStore|x86.Build.0 = Release|x86
		{212FA953-EE00-476C-B7BE-A0B696EE53BE}.AppStore|x86.Deploy.0 = Release|x86
		{212FA953-EE00-476C-B7BE-A0B696EE53BE}.Debug|Any CPU.ActiveCfg = Debug|x86
		{212FA953-EE00-476C-B7BE-A0B696EE53BE}.Debug|Any CPU.Build.0 = Debug|x86
		{212FA953-EE00-476C-B7BE-A0B696EE53BE}.Debug|Any CPU.Deploy.0 = Debug|x86
		{212FA953-EE00-476C-B7BE-A0B696EE53BE}.Debug|ARM.ActiveCfg = Debug|ARM
		{212FA953-EE00-476C-B7BE-A0B696EE53BE}.Debug|ARM.Build.0 = Debug|ARM
		{212FA953-EE00-476C-B7BE-A0B696EE53BE}.Debug|ARM.Deploy.0 = Debug|ARM
		{212FA953-EE00-476C-B7BE-A0B696EE53BE}.Debug|iPhone.ActiveCfg = Debug|x86
		{212FA953-EE00-476C-B7BE-A0B696EE53BE}.Debug|iPhone.Build.0 = Debug|x86
		{212FA953-EE00-476C-B7BE-A0B696EE53BE}.Debug|iPhone.Deploy.0 = Debug|x86
		{212FA953-EE00-476C-B7BE-A0B696EE53BE}.Debug|iPhoneSimulator.ActiveCfg = Debug|x86
		{212FA953-EE00-476C-B7BE-A0B696EE53BE}.Debug|iPhoneSimulator.Build.0 = Debug|x86
		{212FA953-EE00-476C-B7BE-A0B696EE53BE}.Debug|iPhoneSimulator.Deploy.0 = Debug|x86
		{212FA953-EE00-476C-B7BE-A0B696EE53BE}.Debug|x64.ActiveCfg = Debug|x64
		{212FA953-EE00-476C-B7BE-A0B696EE53BE}.Debug|x64.Build.0 = Debug|x64
		{212FA953-EE00-476C-B7BE-A0B696EE53BE}.Debug|x64.Deploy.0 = Debug|x64
		{212FA953-EE00-476C-B7BE-A0B696EE53BE}.Debug|x86.ActiveCfg = Debug|x86
		{212FA953-EE00-476C-B7BE-A0B696EE53BE}.Debug|x86.Build.0 = Debug|x86
		{212FA953-EE00-476C-B7BE-A0B696EE53BE}.Debug|x86.Deploy.0 = Debug|x86
		{212FA953-EE00-476C-B7BE-A0B696EE53BE}.Release|Any CPU.ActiveCfg = Release|x86
		{212FA953-EE00-476C-B7BE-A0B696EE53BE}.Release|Any CPU.Build.0 = Release|x86
		{212FA953-EE00-476C-B7BE-A0B696EE53BE}.Release|Any CPU.Deploy.0 = Release|x86
		{212FA953-EE00-476C-B7BE-A0B696EE53BE}.Release|ARM.ActiveCfg = Release|ARM
		{212FA953-EE00-476C-B7BE-A0B696EE53BE}.Release|ARM.Build.0 = Release|ARM
		{212FA953-EE00-476C-B7BE-A0B696EE53BE}.Release|ARM.Deploy.0 = Release|ARM
		{212FA953-EE00-476C-B7BE-A0B696EE53BE}.Release|iPhone.ActiveCfg = Release|x86
		{212FA953-EE00-476C-B7BE-A0B696EE53BE}.Release|iPhone.Build.0 = Release|x86
		{212FA953-EE00-476C-B7BE-A0B696EE53BE}.Release|iPhone.Deploy.0 = Release|x86
		{212FA953-EE00-476C-B7BE-A0B696EE53BE}.Release|iPhoneSimulator.ActiveCfg = Release|x86
		{212FA953-EE00-476C-B7BE-A0B696EE53BE}.Release|iPhoneSimulator.Build.0 = Release|x86
		{212FA953-EE00-476C-B7BE-A0B696EE53BE}.Release|iPhoneSimulator.Deploy.0 = Release|x86
		{212FA953-EE00-476C-B7BE-A0B696EE53BE}.Release|x64.ActiveCfg = Release|x64
		{212FA953-EE00-476C-B7BE-A0B696EE53BE}.Release|x64.Build.0 = Release|x64
		{212FA953-EE00-476C-B7BE-A0B696EE53BE}.Release|x64.Deploy.0 = Release|x64
		{212FA953-EE00-476C-B7BE-A0B696EE53BE}.Release|x86.ActiveCfg = Release|x86
		{212FA953-EE00-476C-B7BE-A0B696EE53BE}.Release|x86.Build.0 = Release|x86
		{212FA953-EE00-476C-B7BE-A0B696EE53BE}.Release|x86.Deploy.0 = Release|x86
		{B0F54147-3830-4F6A-BB1E-141A9D647124}.Ad-Hoc|Any CPU.ActiveCfg = Debug|Any CPU
		{B0F54147-3830-4F6A-BB1E-141A9D647124}.Ad-Hoc|Any CPU.Build.0 = Debug|Any CPU
		{B0F54147-3830-4F6A-BB1E-141A9D647124}.Ad-Hoc|Any CPU.Deploy.0 = Debug|Any CPU
		{B0F54147-3830-4F6A-BB1E-141A9D647124}.Ad-Hoc|ARM.ActiveCfg = Debug|Any CPU
		{B0F54147-3830-4F6A-BB1E-141A9D647124}.Ad-Hoc|ARM.Build.0 = Debug|Any CPU
		{B0F54147-3830-4F6A-BB1E-141A9D647124}.Ad-Hoc|ARM.Deploy.0 = Debug|Any CPU
		{B0F54147-3830-4F6A-BB1E-141A9D647124}.Ad-Hoc|iPhone.ActiveCfg = Debug|Any CPU
		{B0F54147-3830-4F6A-BB1E-141A9D647124}.Ad-Hoc|iPhone.Build.0 = Debug|Any CPU
		{B0F54147-3830-4F6A-BB1E-141A9D647124}.Ad-Hoc|iPhone.Deploy.0 = Debug|Any CPU
		{B0F54147-3830-4F6A-BB1E-141A9D647124}.Ad-Hoc|iPhoneSimulator.ActiveCfg = Debug|Any CPU
		{B0F54147-3830-4F6A-BB1E-141A9D647124}.Ad-Hoc|iPhoneSimulator.Build.0 = Debug|Any CPU
		{B0F54147-3830-4F6A-BB1E-141A9D647124}.Ad-Hoc|iPhoneSimulator.Deploy.0 = Debug|Any CPU
		{B0F54147-3830-4F6A-BB1E-141A9D647124}.Ad-Hoc|x64.ActiveCfg = Debug|Any CPU
		{B0F54147-3830-4F6A-BB1E-141A9D647124}.Ad-Hoc|x64.Build.0 = Debug|Any CPU
		{B0F54147-3830-4F6A-BB1E-141A9D647124}.Ad-Hoc|x64.Deploy.0 = Debug|Any CPU
		{B0F54147-3830-4F6A-BB1E-141A9D647124}.Ad-Hoc|x86.ActiveCfg = Debug|Any CPU
		{B0F54147-3830-4F6A-BB1E-141A9D647124}.Ad-Hoc|x86.Build.0 = Debug|Any CPU
		{B0F54147-3830-4F6A-BB1E-141A9D647124}.Ad-Hoc|x86.Deploy.0 = Debug|Any CPU
		{B0F54147-3830-4F6A-BB1E-141A9D647124}.AppStore|Any CPU.ActiveCfg = Debug|Any CPU
		{B0F54147-3830-4F6A-BB1E-141A9D647124}.AppStore|Any CPU.Build.0 = Debug|Any CPU
		{B0F54147-3830-4F6A-BB1E-141A9D647124}.AppStore|Any CPU.Deploy.0 = Debug|Any CPU
		{B0F54147-3830-4F6A-BB1E-141A9D647124}.AppStore|ARM.ActiveCfg = Debug|Any CPU
		{B0F54147-3830-4F6A-BB1E-141A9D647124}.AppStore|ARM.Build.0 = Debug|Any CPU
		{B0F54147-3830-4F6A-BB1E-141A9D647124}.AppStore|ARM.Deploy.0 = Debug|Any CPU
		{B0F54147-3830-4F6A-BB1E-141A9D647124}.AppStore|iPhone.ActiveCfg = Debug|Any CPU
		{B0F54147-3830-4F6A-BB1E-141A9D647124}.AppStore|iPhone.Build.0 = Debug|Any CPU
		{B0F54147-3830-4F6A-BB1E-141A9D647124}.AppStore|iPhone.Deploy.0 = Debug|Any CPU
		{B0F54147-3830-4F6A-BB1E-141A9D647124}.AppStore|iPhoneSimulator.ActiveCfg = Debug|Any CPU
		{B0F54147-3830-4F6A-BB1E-141A9D647124}.AppStore|iPhoneSimulator.Build.0 = Debug|Any CPU
		{B0F54147-3830-4F6A-BB1E-141A9D647124}.AppStore|iPhoneSimulator.Deploy.0 = Debug|Any CPU
		{B0F54147-3830-4F6A-BB1E-141A9D647124}.AppStore|x64.ActiveCfg = Debug|Any CPU
		{B0F54147-3830-4F6A-BB1E-141A9D647124}.AppStore|x64.Build.0 = Debug|Any CPU
		{B0F54147-3830-4F6A-BB1E-141A9D647124}.AppStore|x64.Deploy.0 = Debug|Any CPU
		{B0F54147-3830-4F6A-BB1E-141A9D647124}.AppStore|x86.ActiveCfg = Debug|Any CPU
		{B0F54147-3830-4F6A-BB1E-141A9D647124}.AppStore|x86.Build.0 = Debug|Any CPU
		{B0F54147-3830-4F6A-BB1E-141A9D647124}.AppStore|x86.Deploy.0 = Debug|Any CPU
		{B0F54147-3830-4F6A-BB1E-141A9D647124}.Debug|Any CPU.ActiveCfg = Debug|Any CPU
		{B0F54147-3830-4F6A-BB1E-141A9D647124}.Debug|Any CPU.Build.0 = Debug|Any CPU
		{B0F54147-3830-4F6A-BB1E-141A9D647124}.Debug|Any CPU.Deploy.0 = Debug|Any CPU
		{B0F54147-3830-4F6A-BB1E-141A9D647124}.Debug|ARM.ActiveCfg = Debug|Any CPU
		{B0F54147-3830-4F6A-BB1E-141A9D647124}.Debug|ARM.Build.0 = Debug|Any CPU
		{B0F54147-3830-4F6A-BB1E-141A9D647124}.Debug|ARM.Deploy.0 = Debug|Any CPU
		{B0F54147-3830-4F6A-BB1E-141A9D647124}.Debug|iPhone.ActiveCfg = Debug|Any CPU
		{B0F54147-3830-4F6A-BB1E-141A9D647124}.Debug|iPhone.Build.0 = Debug|Any CPU
		{B0F54147-3830-4F6A-BB1E-141A9D647124}.Debug|iPhone.Deploy.0 = Debug|Any CPU
		{B0F54147-3830-4F6A-BB1E-141A9D647124}.Debug|iPhoneSimulator.ActiveCfg = Debug|Any CPU
		{B0F54147-3830-4F6A-BB1E-141A9D647124}.Debug|iPhoneSimulator.Build.0 = Debug|Any CPU
		{B0F54147-3830-4F6A-BB1E-141A9D647124}.Debug|iPhoneSimulator.Deploy.0 = Debug|Any CPU
		{B0F54147-3830-4F6A-BB1E-141A9D647124}.Debug|x64.ActiveCfg = Debug|Any CPU
		{B0F54147-3830-4F6A-BB1E-141A9D647124}.Debug|x64.Build.0 = Debug|Any CPU
		{B0F54147-3830-4F6A-BB1E-141A9D647124}.Debug|x64.Deploy.0 = Debug|Any CPU
		{B0F54147-3830-4F6A-BB1E-141A9D647124}.Debug|x86.ActiveCfg = Debug|Any CPU
		{B0F54147-3830-4F6A-BB1E-141A9D647124}.Debug|x86.Build.0 = Debug|Any CPU
		{B0F54147-3830-4F6A-BB1E-141A9D647124}.Debug|x86.Deploy.0 = Debug|Any CPU
		{B0F54147-3830-4F6A-BB1E-141A9D647124}.Release|Any CPU.ActiveCfg = Release|Any CPU
		{B0F54147-3830-4F6A-BB1E-141A9D647124}.Release|Any CPU.Build.0 = Release|Any CPU
		{B0F54147-3830-4F6A-BB1E-141A9D647124}.Release|Any CPU.Deploy.0 = Release|Any CPU
		{B0F54147-3830-4F6A-BB1E-141A9D647124}.Release|ARM.ActiveCfg = Release|Any CPU
		{B0F54147-3830-4F6A-BB1E-141A9D647124}.Release|ARM.Build.0 = Release|Any CPU
		{B0F54147-3830-4F6A-BB1E-141A9D647124}.Release|ARM.Deploy.0 = Release|Any CPU
		{B0F54147-3830-4F6A-BB1E-141A9D647124}.Release|iPhone.ActiveCfg = Release|Any CPU
		{B0F54147-3830-4F6A-BB1E-141A9D647124}.Release|iPhone.Build.0 = Release|Any CPU
		{B0F54147-3830-4F6A-BB1E-141A9D647124}.Release|iPhone.Deploy.0 = Release|Any CPU
		{B0F54147-3830-4F6A-BB1E-141A9D647124}.Release|iPhoneSimulator.ActiveCfg = Release|Any CPU
		{B0F54147-3830-4F6A-BB1E-141A9D647124}.Release|iPhoneSimulator.Build.0 = Release|Any CPU
		{B0F54147-3830-4F6A-BB1E-141A9D647124}.Release|iPhoneSimulator.Deploy.0 = Release|Any CPU
		{B0F54147-3830-4F6A-BB1E-141A9D647124}.Release|x64.ActiveCfg = Release|Any CPU
		{B0F54147-3830-4F6A-BB1E-141A9D647124}.Release|x64.Build.0 = Release|Any CPU
		{B0F54147-3830-4F6A-BB1E-141A9D647124}.Release|x64.Deploy.0 = Release|Any CPU
		{B0F54147-3830-4F6A-BB1E-141A9D647124}.Release|x86.ActiveCfg = Release|Any CPU
		{B0F54147-3830-4F6A-BB1E-141A9D647124}.Release|x86.Build.0 = Release|Any CPU
		{B0F54147-3830-4F6A-BB1E-141A9D647124}.Release|x86.Deploy.0 = Release|Any CPU
	EndGlobalSection
	GlobalSection(SolutionProperties) = preSolution
		HideSolutionNode = FALSE
	EndGlobalSection
	GlobalSection(ExtensibilityGlobals) = postSolution
		SolutionGuid = {76F065F2-8E69-4364-A907-7845BCBCC8B0}
	EndGlobalSection
EndGlobal
