
Microsoft Visual Studio Solution File, Format Version 12.00
# Visual Studio 15
VisualStudioVersion = 15.0.28307.902
MinimumVisualStudioVersion = 10.0.40219.1
Project("{FAE04EC0-301F-11D3-BF4B-00C04F79EFBC}") = "picker.Android", "picker\picker.Android\picker.Android.csproj", "{C68D0F9A-5F75-434F-BBC2-2D35B923FA8D}"
EndProject
Project("{FAE04EC0-301F-11D3-BF4B-00C04F79EFBC}") = "picker.iOS", "picker\picker.iOS\picker.iOS.csproj", "{D547788E-BE96-4ECB-9197-A07E94C04A1C}"
EndProject
Project("{FAE04EC0-301F-11D3-BF4B-00C04F79EFBC}") = "picker.UWP", "picker\picker.UWP\picker.UWP.csproj", "{6EF040E9-FA00-46EF-9CB0-803C1100D581}"
EndProject
Project("{FAE04EC0-301F-11D3-BF4B-00C04F79EFBC}") = "picker", "picker\picker\picker.csproj", "{696ABE59-A111-4DAC-92F5-D32D4C82D94A}"
EndProject
Global
	GlobalSection(SolutionConfigurationPlatforms) = preSolution
		Ad-Hoc|Any CPU = Ad-Hoc|Any CPU
		Ad-Hoc|ARM = Ad-Hoc|ARM
		Ad-Hoc|iPhone = Ad-Hoc|iPhone
		Ad-Hoc|iPhoneSimulator = Ad-Hoc|iPhoneSimulator
		Ad-Hoc|x64 = Ad-Hoc|x64
		Ad-Hoc|x86 = Ad-Hoc|x86
		AppStore|Any CPU = AppStore|Any CPU
		AppStore|ARM = AppStore|ARM
		AppStore|iPhone = AppStore|iPhone
		AppStore|iPhoneSimulator = AppStore|iPhoneSimulator
		AppStore|x64 = AppStore|x64
		AppStore|x86 = AppStore|x86
		Debug|Any CPU = Debug|Any CPU
		Debug|ARM = Debug|ARM
		Debug|iPhone = Debug|iPhone
		Debug|iPhoneSimulator = Debug|iPhoneSimulator
		Debug|x64 = Debug|x64
		Debug|x86 = Debug|x86
		Release|Any CPU = Release|Any CPU
		Release|ARM = Release|ARM
		Release|iPhone = Release|iPhone
		Release|iPhoneSimulator = Release|iPhoneSimulator
		Release|x64 = Release|x64
		Release|x86 = Release|x86
	EndGlobalSection
	GlobalSection(ProjectConfigurationPlatforms) = postSolution
		{C68D0F9A-5F75-434F-BBC2-2D35B923FA8D}.Ad-Hoc|Any CPU.ActiveCfg = Release|Any CPU
		{C68D0F9A-5F75-434F-BBC2-2D35B923FA8D}.Ad-Hoc|Any CPU.Build.0 = Release|Any CPU
		{C68D0F9A-5F75-434F-BBC2-2D35B923FA8D}.Ad-Hoc|Any CPU.Deploy.0 = Release|Any CPU
		{C68D0F9A-5F75-434F-BBC2-2D35B923FA8D}.Ad-Hoc|ARM.ActiveCfg = Release|Any CPU
		{C68D0F9A-5F75-434F-BBC2-2D35B923FA8D}.Ad-Hoc|ARM.Build.0 = Release|Any CPU
		{C68D0F9A-5F75-434F-BBC2-2D35B923FA8D}.Ad-Hoc|ARM.Deploy.0 = Release|Any CPU
		{C68D0F9A-5F75-434F-BBC2-2D35B923FA8D}.Ad-Hoc|iPhone.ActiveCfg = Release|Any CPU
		{C68D0F9A-5F75-434F-BBC2-2D35B923FA8D}.Ad-Hoc|iPhone.Build.0 = Release|Any CPU
		{C68D0F9A-5F75-434F-BBC2-2D35B923FA8D}.Ad-Hoc|iPhone.Deploy.0 = Release|Any CPU
		{C68D0F9A-5F75-434F-BBC2-2D35B923FA8D}.Ad-Hoc|iPhoneSimulator.ActiveCfg = Release|Any CPU
		{C68D0F9A-5F75-434F-BBC2-2D35B923FA8D}.Ad-Hoc|iPhoneSimulator.Build.0 = Release|Any CPU
		{C68D0F9A-5F75-434F-BBC2-2D35B923FA8D}.Ad-Hoc|iPhoneSimulator.Deploy.0 = Release|Any CPU
		{C68D0F9A-5F75-434F-BBC2-2D35B923FA8D}.Ad-Hoc|x64.ActiveCfg = Release|Any CPU
		{C68D0F9A-5F75-434F-BBC2-2D35B923FA8D}.Ad-Hoc|x64.Build.0 = Release|Any CPU
		{C68D0F9A-5F75-434F-BBC2-2D35B923FA8D}.Ad-Hoc|x64.Deploy.0 = Release|Any CPU
		{C68D0F9A-5F75-434F-BBC2-2D35B923FA8D}.Ad-Hoc|x86.ActiveCfg = Release|Any CPU
		{C68D0F9A-5F75-434F-BBC2-2D35B923FA8D}.Ad-Hoc|x86.Build.0 = Release|Any CPU
		{C68D0F9A-5F75-434F-BBC2-2D35B923FA8D}.Ad-Hoc|x86.Deploy.0 = Release|Any CPU
		{C68D0F9A-5F75-434F-BBC2-2D35B923FA8D}.AppStore|Any CPU.ActiveCfg = Release|Any CPU
		{C68D0F9A-5F75-434F-BBC2-2D35B923FA8D}.AppStore|Any CPU.Build.0 = Release|Any CPU
		{C68D0F9A-5F75-434F-BBC2-2D35B923FA8D}.AppStore|Any CPU.Deploy.0 = Release|Any CPU
		{C68D0F9A-5F75-434F-BBC2-2D35B923FA8D}.AppStore|ARM.ActiveCfg = Release|Any CPU
		{C68D0F9A-5F75-434F-BBC2-2D35B923FA8D}.AppStore|ARM.Build.0 = Release|Any CPU
		{C68D0F9A-5F75-434F-BBC2-2D35B923FA8D}.AppStore|ARM.Deploy.0 = Release|Any CPU
		{C68D0F9A-5F75-434F-BBC2-2D35B923FA8D}.AppStore|iPhone.ActiveCfg = Release|Any CPU
		{C68D0F9A-5F75-434F-BBC2-2D35B923FA8D}.AppStore|iPhone.Build.0 = Release|Any CPU
		{C68D0F9A-5F75-434F-BBC2-2D35B923FA8D}.AppStore|iPhone.Deploy.0 = Release|Any CPU
		{C68D0F9A-5F75-434F-BBC2-2D35B923FA8D}.AppStore|iPhoneSimulator.ActiveCfg = Release|Any CPU
		{C68D0F9A-5F75-434F-BBC2-2D35B923FA8D}.AppStore|iPhoneSimulator.Build.0 = Release|Any CPU
		{C68D0F9A-5F75-434F-BBC2-2D35B923FA8D}.AppStore|iPhoneSimulator.Deploy.0 = Release|Any CPU
		{C68D0F9A-5F75-434F-BBC2-2D35B923FA8D}.AppStore|x64.ActiveCfg = Release|Any CPU
		{C68D0F9A-5F75-434F-BBC2-2D35B923FA8D}.AppStore|x64.Build.0 = Release|Any CPU
		{C68D0F9A-5F75-434F-BBC2-2D35B923FA8D}.AppStore|x64.Deploy.0 = Release|Any CPU
		{C68D0F9A-5F75-434F-BBC2-2D35B923FA8D}.AppStore|x86.ActiveCfg = Release|Any CPU
		{C68D0F9A-5F75-434F-BBC2-2D35B923FA8D}.AppStore|x86.Build.0 = Release|Any CPU
		{C68D0F9A-5F75-434F-BBC2-2D35B923FA8D}.AppStore|x86.Deploy.0 = Release|Any CPU
		{C68D0F9A-5F75-434F-BBC2-2D35B923FA8D}.Debug|Any CPU.ActiveCfg = Debug|Any CPU
		{C68D0F9A-5F75-434F-BBC2-2D35B923FA8D}.Debug|Any CPU.Build.0 = Debug|Any CPU
		{C68D0F9A-5F75-434F-BBC2-2D35B923FA8D}.Debug|Any CPU.Deploy.0 = Debug|Any CPU
		{C68D0F9A-5F75-434F-BBC2-2D35B923FA8D}.Debug|ARM.ActiveCfg = Debug|Any CPU
		{C68D0F9A-5F75-434F-BBC2-2D35B923FA8D}.Debug|ARM.Build.0 = Debug|Any CPU
		{C68D0F9A-5F75-434F-BBC2-2D35B923FA8D}.Debug|ARM.Deploy.0 = Debug|Any CPU
		{C68D0F9A-5F75-434F-BBC2-2D35B923FA8D}.Debug|iPhone.ActiveCfg = Debug|Any CPU
		{C68D0F9A-5F75-434F-BBC2-2D35B923FA8D}.Debug|iPhone.Build.0 = Debug|Any CPU
		{C68D0F9A-5F75-434F-BBC2-2D35B923FA8D}.Debug|iPhone.Deploy.0 = Debug|Any CPU
		{C68D0F9A-5F75-434F-BBC2-2D35B923FA8D}.Debug|iPhoneSimulator.ActiveCfg = Debug|Any CPU
		{C68D0F9A-5F75-434F-BBC2-2D35B923FA8D}.Debug|iPhoneSimulator.Build.0 = Debug|Any CPU
		{C68D0F9A-5F75-434F-BBC2-2D35B923FA8D}.Debug|iPhoneSimulator.Deploy.0 = Debug|Any CPU
		{C68D0F9A-5F75-434F-BBC2-2D35B923FA8D}.Debug|x64.ActiveCfg = Debug|Any CPU
		{C68D0F9A-5F75-434F-BBC2-2D35B923FA8D}.Debug|x64.Build.0 = Debug|Any CPU
		{C68D0F9A-5F75-434F-BBC2-2D35B923FA8D}.Debug|x64.Deploy.0 = Debug|Any CPU
		{C68D0F9A-5F75-434F-BBC2-2D35B923FA8D}.Debug|x86.ActiveCfg = Debug|Any CPU
		{C68D0F9A-5F75-434F-BBC2-2D35B923FA8D}.Debug|x86.Build.0 = Debug|Any CPU
		{C68D0F9A-5F75-434F-BBC2-2D35B923FA8D}.Debug|x86.Deploy.0 = Debug|Any CPU
		{C68D0F9A-5F75-434F-BBC2-2D35B923FA8D}.Release|Any CPU.ActiveCfg = Release|Any CPU
		{C68D0F9A-5F75-434F-BBC2-2D35B923FA8D}.Release|Any CPU.Build.0 = Release|Any CPU
		{C68D0F9A-5F75-434F-BBC2-2D35B923FA8D}.Release|Any CPU.Deploy.0 = Release|Any CPU
		{C68D0F9A-5F75-434F-BBC2-2D35B923FA8D}.Release|ARM.ActiveCfg = Release|Any CPU
		{C68D0F9A-5F75-434F-BBC2-2D35B923FA8D}.Release|ARM.Build.0 = Release|Any CPU
		{C68D0F9A-5F75-434F-BBC2-2D35B923FA8D}.Release|ARM.Deploy.0 = Release|Any CPU
		{C68D0F9A-5F75-434F-BBC2-2D35B923FA8D}.Release|iPhone.ActiveCfg = Release|Any CPU
		{C68D0F9A-5F75-434F-BBC2-2D35B923FA8D}.Release|iPhone.Build.0 = Release|Any CPU
		{C68D0F9A-5F75-434F-BBC2-2D35B923FA8D}.Release|iPhone.Deploy.0 = Release|Any CPU
		{C68D0F9A-5F75-434F-BBC2-2D35B923FA8D}.Release|iPhoneSimulator.ActiveCfg = Release|Any CPU
		{C68D0F9A-5F75-434F-BBC2-2D35B923FA8D}.Release|iPhoneSimulator.Build.0 = Release|Any CPU
		{C68D0F9A-5F75-434F-BBC2-2D35B923FA8D}.Release|iPhoneSimulator.Deploy.0 = Release|Any CPU
		{C68D0F9A-5F75-434F-BBC2-2D35B923FA8D}.Release|x64.ActiveCfg = Release|Any CPU
		{C68D0F9A-5F75-434F-BBC2-2D35B923FA8D}.Release|x64.Build.0 = Release|Any CPU
		{C68D0F9A-5F75-434F-BBC2-2D35B923FA8D}.Release|x64.Deploy.0 = Release|Any CPU
		{C68D0F9A-5F75-434F-BBC2-2D35B923FA8D}.Release|x86.ActiveCfg = Release|Any CPU
		{C68D0F9A-5F75-434F-BBC2-2D35B923FA8D}.Release|x86.Build.0 = Release|Any CPU
		{C68D0F9A-5F75-434F-BBC2-2D35B923FA8D}.Release|x86.Deploy.0 = Release|Any CPU
		{D547788E-BE96-4ECB-9197-A07E94C04A1C}.Ad-Hoc|Any CPU.ActiveCfg = Ad-Hoc|iPhone
		{D547788E-BE96-4ECB-9197-A07E94C04A1C}.Ad-Hoc|Any CPU.Build.0 = Ad-Hoc|iPhone
		{D547788E-BE96-4ECB-9197-A07E94C04A1C}.Ad-Hoc|Any CPU.Deploy.0 = Ad-Hoc|iPhone
		{D547788E-BE96-4ECB-9197-A07E94C04A1C}.Ad-Hoc|ARM.ActiveCfg = Ad-Hoc|iPhone
		{D547788E-BE96-4ECB-9197-A07E94C04A1C}.Ad-Hoc|ARM.Build.0 = Ad-Hoc|iPhone
		{D547788E-BE96-4ECB-9197-A07E94C04A1C}.Ad-Hoc|ARM.Deploy.0 = Ad-Hoc|iPhone
		{D547788E-BE96-4ECB-9197-A07E94C04A1C}.Ad-Hoc|iPhone.ActiveCfg = Ad-Hoc|iPhone
		{D547788E-BE96-4ECB-9197-A07E94C04A1C}.Ad-Hoc|iPhone.Build.0 = Ad-Hoc|iPhone
		{D547788E-BE96-4ECB-9197-A07E94C04A1C}.Ad-Hoc|iPhone.Deploy.0 = Ad-Hoc|iPhone
		{D547788E-BE96-4ECB-9197-A07E94C04A1C}.Ad-Hoc|iPhoneSimulator.ActiveCfg = Ad-Hoc|iPhoneSimulator
		{D547788E-BE96-4ECB-9197-A07E94C04A1C}.Ad-Hoc|iPhoneSimulator.Build.0 = Ad-Hoc|iPhoneSimulator
		{D547788E-BE96-4ECB-9197-A07E94C04A1C}.Ad-Hoc|iPhoneSimulator.Deploy.0 = Ad-Hoc|iPhoneSimulator
		{D547788E-BE96-4ECB-9197-A07E94C04A1C}.Ad-Hoc|x64.ActiveCfg = Ad-Hoc|iPhone
		{D547788E-BE96-4ECB-9197-A07E94C04A1C}.Ad-Hoc|x64.Build.0 = Ad-Hoc|iPhone
		{D547788E-BE96-4ECB-9197-A07E94C04A1C}.Ad-Hoc|x64.Deploy.0 = Ad-Hoc|iPhone
		{D547788E-BE96-4ECB-9197-A07E94C04A1C}.Ad-Hoc|x86.ActiveCfg = Ad-Hoc|iPhone
		{D547788E-BE96-4ECB-9197-A07E94C04A1C}.Ad-Hoc|x86.Build.0 = Ad-Hoc|iPhone
		{D547788E-BE96-4ECB-9197-A07E94C04A1C}.Ad-Hoc|x86.Deploy.0 = Ad-Hoc|iPhone
		{D547788E-BE96-4ECB-9197-A07E94C04A1C}.AppStore|Any CPU.ActiveCfg = AppStore|iPhone
		{D547788E-BE96-4ECB-9197-A07E94C04A1C}.AppStore|Any CPU.Build.0 = AppStore|iPhone
		{D547788E-BE96-4ECB-9197-A07E94C04A1C}.AppStore|Any CPU.Deploy.0 = AppStore|iPhone
		{D547788E-BE96-4ECB-9197-A07E94C04A1C}.AppStore|ARM.ActiveCfg = AppStore|iPhone
		{D547788E-BE96-4ECB-9197-A07E94C04A1C}.AppStore|ARM.Build.0 = AppStore|iPhone
		{D547788E-BE96-4ECB-9197-A07E94C04A1C}.AppStore|ARM.Deploy.0 = AppStore|iPhone
		{D547788E-BE96-4ECB-9197-A07E94C04A1C}.AppStore|iPhone.ActiveCfg = AppStore|iPhone
		{D547788E-BE96-4ECB-9197-A07E94C04A1C}.AppStore|iPhone.Build.0 = AppStore|iPhone
		{D547788E-BE96-4ECB-9197-A07E94C04A1C}.AppStore|iPhone.Deploy.0 = AppStore|iPhone
		{D547788E-BE96-4ECB-9197-A07E94C04A1C}.AppStore|iPhoneSimulator.ActiveCfg = AppStore|iPhoneSimulator
		{D547788E-BE96-4ECB-9197-A07E94C04A1C}.AppStore|iPhoneSimulator.Build.0 = AppStore|iPhoneSimulator
		{D547788E-BE96-4ECB-9197-A07E94C04A1C}.AppStore|iPhoneSimulator.Deploy.0 = AppStore|iPhoneSimulator
		{D547788E-BE96-4ECB-9197-A07E94C04A1C}.AppStore|x64.ActiveCfg = AppStore|iPhone
		{D547788E-BE96-4ECB-9197-A07E94C04A1C}.AppStore|x64.Build.0 = AppStore|iPhone
		{D547788E-BE96-4ECB-9197-A07E94C04A1C}.AppStore|x64.Deploy.0 = AppStore|iPhone
		{D547788E-BE96-4ECB-9197-A07E94C04A1C}.AppStore|x86.ActiveCfg = AppStore|iPhone
		{D547788E-BE96-4ECB-9197-A07E94C04A1C}.AppStore|x86.Build.0 = AppStore|iPhone
		{D547788E-BE96-4ECB-9197-A07E94C04A1C}.AppStore|x86.Deploy.0 = AppStore|iPhone
		{D547788E-BE96-4ECB-9197-A07E94C04A1C}.Debug|Any CPU.ActiveCfg = Debug|iPhoneSimulator
		{D547788E-BE96-4ECB-9197-A07E94C04A1C}.Debug|Any CPU.Build.0 = Debug|iPhoneSimulator
		{D547788E-BE96-4ECB-9197-A07E94C04A1C}.Debug|Any CPU.Deploy.0 = Debug|iPhoneSimulator
		{D547788E-BE96-4ECB-9197-A07E94C04A1C}.Debug|ARM.ActiveCfg = Debug|iPhone
		{D547788E-BE96-4ECB-9197-A07E94C04A1C}.Debug|ARM.Build.0 = Debug|iPhone
		{D547788E-BE96-4ECB-9197-A07E94C04A1C}.Debug|ARM.Deploy.0 = Debug|iPhone
		{D547788E-BE96-4ECB-9197-A07E94C04A1C}.Debug|iPhone.ActiveCfg = Debug|iPhone
		{D547788E-BE96-4ECB-9197-A07E94C04A1C}.Debug|iPhone.Build.0 = Debug|iPhone
		{D547788E-BE96-4ECB-9197-A07E94C04A1C}.Debug|iPhone.Deploy.0 = Debug|iPhone
		{D547788E-BE96-4ECB-9197-A07E94C04A1C}.Debug|iPhoneSimulator.ActiveCfg = Debug|iPhoneSimulator
		{D547788E-BE96-4ECB-9197-A07E94C04A1C}.Debug|iPhoneSimulator.Build.0 = Debug|iPhoneSimulator
		{D547788E-BE96-4ECB-9197-A07E94C04A1C}.Debug|iPhoneSimulator.Deploy.0 = Debug|iPhoneSimulator
		{D547788E-BE96-4ECB-9197-A07E94C04A1C}.Debug|x64.ActiveCfg = Debug|iPhone
		{D547788E-BE96-4ECB-9197-A07E94C04A1C}.Debug|x64.Build.0 = Debug|iPhone
		{D547788E-BE96-4ECB-9197-A07E94C04A1C}.Debug|x64.Deploy.0 = Debug|iPhone
		{D547788E-BE96-4ECB-9197-A07E94C04A1C}.Debug|x86.ActiveCfg = Debug|iPhone
		{D547788E-BE96-4ECB-9197-A07E94C04A1C}.Debug|x86.Build.0 = Debug|iPhone
		{D547788E-BE96-4ECB-9197-A07E94C04A1C}.Debug|x86.Deploy.0 = Debug|iPhone
		{D547788E-BE96-4ECB-9197-A07E94C04A1C}.Release|Any CPU.ActiveCfg = Release|iPhone
		{D547788E-BE96-4ECB-9197-A07E94C04A1C}.Release|Any CPU.Build.0 = Release|iPhone
		{D547788E-BE96-4ECB-9197-A07E94C04A1C}.Release|Any CPU.Deploy.0 = Release|iPhone
		{D547788E-BE96-4ECB-9197-A07E94C04A1C}.Release|ARM.ActiveCfg = Release|iPhone
		{D547788E-BE96-4ECB-9197-A07E94C04A1C}.Release|ARM.Build.0 = Release|iPhone
		{D547788E-BE96-4ECB-9197-A07E94C04A1C}.Release|ARM.Deploy.0 = Release|iPhone
		{D547788E-BE96-4ECB-9197-A07E94C04A1C}.Release|iPhone.ActiveCfg = Release|iPhone
		{D547788E-BE96-4ECB-9197-A07E94C04A1C}.Release|iPhone.Build.0 = Release|iPhone
		{D547788E-BE96-4ECB-9197-A07E94C04A1C}.Release|iPhone.Deploy.0 = Release|iPhone
		{D547788E-BE96-4ECB-9197-A07E94C04A1C}.Release|iPhoneSimulator.ActiveCfg = Release|iPhoneSimulator
		{D547788E-BE96-4ECB-9197-A07E94C04A1C}.Release|iPhoneSimulator.Build.0 = Release|iPhoneSimulator
		{D547788E-BE96-4ECB-9197-A07E94C04A1C}.Release|iPhoneSimulator.Deploy.0 = Release|iPhoneSimulator
		{D547788E-BE96-4ECB-9197-A07E94C04A1C}.Release|x64.ActiveCfg = Release|iPhone
		{D547788E-BE96-4ECB-9197-A07E94C04A1C}.Release|x64.Build.0 = Release|iPhone
		{D547788E-BE96-4ECB-9197-A07E94C04A1C}.Release|x64.Deploy.0 = Release|iPhone
		{D547788E-BE96-4ECB-9197-A07E94C04A1C}.Release|x86.ActiveCfg = Release|iPhone
		{D547788E-BE96-4ECB-9197-A07E94C04A1C}.Release|x86.Build.0 = Release|iPhone
		{D547788E-BE96-4ECB-9197-A07E94C04A1C}.Release|x86.Deploy.0 = Release|iPhone
		{6EF040E9-FA00-46EF-9CB0-803C1100D581}.Ad-Hoc|Any CPU.ActiveCfg = Release|x86
		{6EF040E9-FA00-46EF-9CB0-803C1100D581}.Ad-Hoc|Any CPU.Build.0 = Release|x86
		{6EF040E9-FA00-46EF-9CB0-803C1100D581}.Ad-Hoc|Any CPU.Deploy.0 = Release|x86
		{6EF040E9-FA00-46EF-9CB0-803C1100D581}.Ad-Hoc|ARM.ActiveCfg = Release|ARM
		{6EF040E9-FA00-46EF-9CB0-803C1100D581}.Ad-Hoc|ARM.Build.0 = Release|ARM
		{6EF040E9-FA00-46EF-9CB0-803C1100D581}.Ad-Hoc|ARM.Deploy.0 = Release|ARM
		{6EF040E9-FA00-46EF-9CB0-803C1100D581}.Ad-Hoc|iPhone.ActiveCfg = Release|x86
		{6EF040E9-FA00-46EF-9CB0-803C1100D581}.Ad-Hoc|iPhone.Build.0 = Release|x86
		{6EF040E9-FA00-46EF-9CB0-803C1100D581}.Ad-Hoc|iPhone.Deploy.0 = Release|x86
		{6EF040E9-FA00-46EF-9CB0-803C1100D581}.Ad-Hoc|iPhoneSimulator.ActiveCfg = Release|x86
		{6EF040E9-FA00-46EF-9CB0-803C1100D581}.Ad-Hoc|iPhoneSimulator.Build.0 = Release|x86
		{6EF040E9-FA00-46EF-9CB0-803C1100D581}.Ad-Hoc|iPhoneSimulator.Deploy.0 = Release|x86
		{6EF040E9-FA00-46EF-9CB0-803C1100D581}.Ad-Hoc|x64.ActiveCfg = Release|x64
		{6EF040E9-FA00-46EF-9CB0-803C1100D581}.Ad-Hoc|x64.Build.0 = Release|x64
		{6EF040E9-FA00-46EF-9CB0-803C1100D581}.Ad-Hoc|x64.Deploy.0 = Release|x64
		{6EF040E9-FA00-46EF-9CB0-803C1100D581}.Ad-Hoc|x86.ActiveCfg = Release|x86
		{6EF040E9-FA00-46EF-9CB0-803C1100D581}.Ad-Hoc|x86.Build.0 = Release|x86
		{6EF040E9-FA00-46EF-9CB0-803C1100D581}.Ad-Hoc|x86.Deploy.0 = Release|x86
		{6EF040E9-FA00-46EF-9CB0-803C1100D581}.AppStore|Any CPU.ActiveCfg = Release|x86
		{6EF040E9-FA00-46EF-9CB0-803C1100D581}.AppStore|Any CPU.Build.0 = Release|x86
		{6EF040E9-FA00-46EF-9CB0-803C1100D581}.AppStore|Any CPU.Deploy.0 = Release|x86
		{6EF040E9-FA00-46EF-9CB0-803C1100D581}.AppStore|ARM.ActiveCfg = Release|ARM
		{6EF040E9-FA00-46EF-9CB0-803C1100D581}.AppStore|ARM.Build.0 = Release|ARM
		{6EF040E9-FA00-46EF-9CB0-803C1100D581}.AppStore|ARM.Deploy.0 = Release|ARM
		{6EF040E9-FA00-46EF-9CB0-803C1100D581}.AppStore|iPhone.ActiveCfg = Release|x86
		{6EF040E9-FA00-46EF-9CB0-803C1100D581}.AppStore|iPhone.Build.0 = Release|x86
		{6EF040E9-FA00-46EF-9CB0-803C1100D581}.AppStore|iPhone.Deploy.0 = Release|x86
		{6EF040E9-FA00-46EF-9CB0-803C1100D581}.AppStore|iPhoneSimulator.ActiveCfg = Release|x86
		{6EF040E9-FA00-46EF-9CB0-803C1100D581}.AppStore|iPhoneSimulator.Build.0 = Release|x86
		{6EF040E9-FA00-46EF-9CB0-803C1100D581}.AppStore|iPhoneSimulator.Deploy.0 = Release|x86
		{6EF040E9-FA00-46EF-9CB0-803C1100D581}.AppStore|x64.ActiveCfg = Release|x64
		{6EF040E9-FA00-46EF-9CB0-803C1100D581}.AppStore|x64.Build.0 = Release|x64
		{6EF040E9-FA00-46EF-9CB0-803C1100D581}.AppStore|x64.Deploy.0 = Release|x64
		{6EF040E9-FA00-46EF-9CB0-803C1100D581}.AppStore|x86.ActiveCfg = Release|x86
		{6EF040E9-FA00-46EF-9CB0-803C1100D581}.AppStore|x86.Build.0 = Release|x86
		{6EF040E9-FA00-46EF-9CB0-803C1100D581}.AppStore|x86.Deploy.0 = Release|x86
		{6EF040E9-FA00-46EF-9CB0-803C1100D581}.Debug|Any CPU.ActiveCfg = Debug|x86
		{6EF040E9-FA00-46EF-9CB0-803C1100D581}.Debug|Any CPU.Build.0 = Debug|x86
		{6EF040E9-FA00-46EF-9CB0-803C1100D581}.Debug|Any CPU.Deploy.0 = Debug|x86
		{6EF040E9-FA00-46EF-9CB0-803C1100D581}.Debug|ARM.ActiveCfg = Debug|ARM
		{6EF040E9-FA00-46EF-9CB0-803C1100D581}.Debug|ARM.Build.0 = Debug|ARM
		{6EF040E9-FA00-46EF-9CB0-803C1100D581}.Debug|ARM.Deploy.0 = Debug|ARM
		{6EF040E9-FA00-46EF-9CB0-803C1100D581}.Debug|iPhone.ActiveCfg = Debug|x86
		{6EF040E9-FA00-46EF-9CB0-803C1100D581}.Debug|iPhone.Build.0 = Debug|x86
		{6EF040E9-FA00-46EF-9CB0-803C1100D581}.Debug|iPhone.Deploy.0 = Debug|x86
		{6EF040E9-FA00-46EF-9CB0-803C1100D581}.Debug|iPhoneSimulator.ActiveCfg = Debug|x86
		{6EF040E9-FA00-46EF-9CB0-803C1100D581}.Debug|iPhoneSimulator.Build.0 = Debug|x86
		{6EF040E9-FA00-46EF-9CB0-803C1100D581}.Debug|iPhoneSimulator.Deploy.0 = Debug|x86
		{6EF040E9-FA00-46EF-9CB0-803C1100D581}.Debug|x64.ActiveCfg = Debug|x64
		{6EF040E9-FA00-46EF-9CB0-803C1100D581}.Debug|x64.Build.0 = Debug|x64
		{6EF040E9-FA00-46EF-9CB0-803C1100D581}.Debug|x64.Deploy.0 = Debug|x64
		{6EF040E9-FA00-46EF-9CB0-803C1100D581}.Debug|x86.ActiveCfg = Debug|x86
		{6EF040E9-FA00-46EF-9CB0-803C1100D581}.Debug|x86.Build.0 = Debug|x86
		{6EF040E9-FA00-46EF-9CB0-803C1100D581}.Debug|x86.Deploy.0 = Debug|x86
		{6EF040E9-FA00-46EF-9CB0-803C1100D581}.Release|Any CPU.ActiveCfg = Release|x86
		{6EF040E9-FA00-46EF-9CB0-803C1100D581}.Release|Any CPU.Build.0 = Release|x86
		{6EF040E9-FA00-46EF-9CB0-803C1100D581}.Release|Any CPU.Deploy.0 = Release|x86
		{6EF040E9-FA00-46EF-9CB0-803C1100D581}.Release|ARM.ActiveCfg = Release|ARM
		{6EF040E9-FA00-46EF-9CB0-803C1100D581}.Release|ARM.Build.0 = Release|ARM
		{6EF040E9-FA00-46EF-9CB0-803C1100D581}.Release|ARM.Deploy.0 = Release|ARM
		{6EF040E9-FA00-46EF-9CB0-803C1100D581}.Release|iPhone.ActiveCfg = Release|x86
		{6EF040E9-FA00-46EF-9CB0-803C1100D581}.Release|iPhone.Build.0 = Release|x86
		{6EF040E9-FA00-46EF-9CB0-803C1100D581}.Release|iPhone.Deploy.0 = Release|x86
		{6EF040E9-FA00-46EF-9CB0-803C1100D581}.Release|iPhoneSimulator.ActiveCfg = Release|x86
		{6EF040E9-FA00-46EF-9CB0-803C1100D581}.Release|iPhoneSimulator.Build.0 = Release|x86
		{6EF040E9-FA00-46EF-9CB0-803C1100D581}.Release|iPhoneSimulator.Deploy.0 = Release|x86
		{6EF040E9-FA00-46EF-9CB0-803C1100D581}.Release|x64.ActiveCfg = Release|x64
		{6EF040E9-FA00-46EF-9CB0-803C1100D581}.Release|x64.Build.0 = Release|x64
		{6EF040E9-FA00-46EF-9CB0-803C1100D581}.Release|x64.Deploy.0 = Release|x64
		{6EF040E9-FA00-46EF-9CB0-803C1100D581}.Release|x86.ActiveCfg = Release|x86
		{6EF040E9-FA00-46EF-9CB0-803C1100D581}.Release|x86.Build.0 = Release|x86
		{6EF040E9-FA00-46EF-9CB0-803C1100D581}.Release|x86.Deploy.0 = Release|x86
		{696ABE59-A111-4DAC-92F5-D32D4C82D94A}.Ad-Hoc|Any CPU.ActiveCfg = Debug|Any CPU
		{696ABE59-A111-4DAC-92F5-D32D4C82D94A}.Ad-Hoc|Any CPU.Build.0 = Debug|Any CPU
		{696ABE59-A111-4DAC-92F5-D32D4C82D94A}.Ad-Hoc|Any CPU.Deploy.0 = Debug|Any CPU
		{696ABE59-A111-4DAC-92F5-D32D4C82D94A}.Ad-Hoc|ARM.ActiveCfg = Debug|Any CPU
		{696ABE59-A111-4DAC-92F5-D32D4C82D94A}.Ad-Hoc|ARM.Build.0 = Debug|Any CPU
		{696ABE59-A111-4DAC-92F5-D32D4C82D94A}.Ad-Hoc|ARM.Deploy.0 = Debug|Any CPU
		{696ABE59-A111-4DAC-92F5-D32D4C82D94A}.Ad-Hoc|iPhone.ActiveCfg = Debug|Any CPU
		{696ABE59-A111-4DAC-92F5-D32D4C82D94A}.Ad-Hoc|iPhone.Build.0 = Debug|Any CPU
		{696ABE59-A111-4DAC-92F5-D32D4C82D94A}.Ad-Hoc|iPhone.Deploy.0 = Debug|Any CPU
		{696ABE59-A111-4DAC-92F5-D32D4C82D94A}.Ad-Hoc|iPhoneSimulator.ActiveCfg = Debug|Any CPU
		{696ABE59-A111-4DAC-92F5-D32D4C82D94A}.Ad-Hoc|iPhoneSimulator.Build.0 = Debug|Any CPU
		{696ABE59-A111-4DAC-92F5-D32D4C82D94A}.Ad-Hoc|iPhoneSimulator.Deploy.0 = Debug|Any CPU
		{696ABE59-A111-4DAC-92F5-D32D4C82D94A}.Ad-Hoc|x64.ActiveCfg = Debug|Any CPU
		{696ABE59-A111-4DAC-92F5-D32D4C82D94A}.Ad-Hoc|x64.Build.0 = Debug|Any CPU
		{696ABE59-A111-4DAC-92F5-D32D4C82D94A}.Ad-Hoc|x64.Deploy.0 = Debug|Any CPU
		{696ABE59-A111-4DAC-92F5-D32D4C82D94A}.Ad-Hoc|x86.ActiveCfg = Debug|Any CPU
		{696ABE59-A111-4DAC-92F5-D32D4C82D94A}.Ad-Hoc|x86.Build.0 = Debug|Any CPU
		{696ABE59-A111-4DAC-92F5-D32D4C82D94A}.Ad-Hoc|x86.Deploy.0 = Debug|Any CPU
		{696ABE59-A111-4DAC-92F5-D32D4C82D94A}.AppStore|Any CPU.ActiveCfg = Debug|Any CPU
		{696ABE59-A111-4DAC-92F5-D32D4C82D94A}.AppStore|Any CPU.Build.0 = Debug|Any CPU
		{696ABE59-A111-4DAC-92F5-D32D4C82D94A}.AppStore|Any CPU.Deploy.0 = Debug|Any CPU
		{696ABE59-A111-4DAC-92F5-D32D4C82D94A}.AppStore|ARM.ActiveCfg = Debug|Any CPU
		{696ABE59-A111-4DAC-92F5-D32D4C82D94A}.AppStore|ARM.Build.0 = Debug|Any CPU
		{696ABE59-A111-4DAC-92F5-D32D4C82D94A}.AppStore|ARM.Deploy.0 = Debug|Any CPU
		{696ABE59-A111-4DAC-92F5-D32D4C82D94A}.AppStore|iPhone.ActiveCfg = Debug|Any CPU
		{696ABE59-A111-4DAC-92F5-D32D4C82D94A}.AppStore|iPhone.Build.0 = Debug|Any CPU
		{696ABE59-A111-4DAC-92F5-D32D4C82D94A}.AppStore|iPhone.Deploy.0 = Debug|Any CPU
		{696ABE59-A111-4DAC-92F5-D32D4C82D94A}.AppStore|iPhoneSimulator.ActiveCfg = Debug|Any CPU
		{696ABE59-A111-4DAC-92F5-D32D4C82D94A}.AppStore|iPhoneSimulator.Build.0 = Debug|Any CPU
		{696ABE59-A111-4DAC-92F5-D32D4C82D94A}.AppStore|iPhoneSimulator.Deploy.0 = Debug|Any CPU
		{696ABE59-A111-4DAC-92F5-D32D4C82D94A}.AppStore|x64.ActiveCfg = Debug|Any CPU
		{696ABE59-A111-4DAC-92F5-D32D4C82D94A}.AppStore|x64.Build.0 = Debug|Any CPU
		{696ABE59-A111-4DAC-92F5-D32D4C82D94A}.AppStore|x64.Deploy.0 = Debug|Any CPU
		{696ABE59-A111-4DAC-92F5-D32D4C82D94A}.AppStore|x86.ActiveCfg = Debug|Any CPU
		{696ABE59-A111-4DAC-92F5-D32D4C82D94A}.AppStore|x86.Build.0 = Debug|Any CPU
		{696ABE59-A111-4DAC-92F5-D32D4C82D94A}.AppStore|x86.Deploy.0 = Debug|Any CPU
		{696ABE59-A111-4DAC-92F5-D32D4C82D94A}.Debug|Any CPU.ActiveCfg = Debug|Any CPU
		{696ABE59-A111-4DAC-92F5-D32D4C82D94A}.Debug|Any CPU.Build.0 = Debug|Any CPU
		{696ABE59-A111-4DAC-92F5-D32D4C82D94A}.Debug|Any CPU.Deploy.0 = Debug|Any CPU
		{696ABE59-A111-4DAC-92F5-D32D4C82D94A}.Debug|ARM.ActiveCfg = Debug|Any CPU
		{696ABE59-A111-4DAC-92F5-D32D4C82D94A}.Debug|ARM.Build.0 = Debug|Any CPU
		{696ABE59-A111-4DAC-92F5-D32D4C82D94A}.Debug|ARM.Deploy.0 = Debug|Any CPU
		{696ABE59-A111-4DAC-92F5-D32D4C82D94A}.Debug|iPhone.ActiveCfg = Debug|Any CPU
		{696ABE59-A111-4DAC-92F5-D32D4C82D94A}.Debug|iPhone.Build.0 = Debug|Any CPU
		{696ABE59-A111-4DAC-92F5-D32D4C82D94A}.Debug|iPhone.Deploy.0 = Debug|Any CPU
		{696ABE59-A111-4DAC-92F5-D32D4C82D94A}.Debug|iPhoneSimulator.ActiveCfg = Debug|Any CPU
		{696ABE59-A111-4DAC-92F5-D32D4C82D94A}.Debug|iPhoneSimulator.Build.0 = Debug|Any CPU
		{696ABE59-A111-4DAC-92F5-D32D4C82D94A}.Debug|iPhoneSimulator.Deploy.0 = Debug|Any CPU
		{696ABE59-A111-4DAC-92F5-D32D4C82D94A}.Debug|x64.ActiveCfg = Debug|Any CPU
		{696ABE59-A111-4DAC-92F5-D32D4C82D94A}.Debug|x64.Build.0 = Debug|Any CPU
		{696ABE59-A111-4DAC-92F5-D32D4C82D94A}.Debug|x64.Deploy.0 = Debug|Any CPU
		{696ABE59-A111-4DAC-92F5-D32D4C82D94A}.Debug|x86.ActiveCfg = Debug|Any CPU
		{696ABE59-A111-4DAC-92F5-D32D4C82D94A}.Debug|x86.Build.0 = Debug|Any CPU
		{696ABE59-A111-4DAC-92F5-D32D4C82D94A}.Debug|x86.Deploy.0 = Debug|Any CPU
		{696ABE59-A111-4DAC-92F5-D32D4C82D94A}.Release|Any CPU.ActiveCfg = Release|Any CPU
		{696ABE59-A111-4DAC-92F5-D32D4C82D94A}.Release|Any CPU.Build.0 = Release|Any CPU
		{696ABE59-A111-4DAC-92F5-D32D4C82D94A}.Release|Any CPU.Deploy.0 = Release|Any CPU
		{696ABE59-A111-4DAC-92F5-D32D4C82D94A}.Release|ARM.ActiveCfg = Release|Any CPU
		{696ABE59-A111-4DAC-92F5-D32D4C82D94A}.Release|ARM.Build.0 = Release|Any CPU
		{696ABE59-A111-4DAC-92F5-D32D4C82D94A}.Release|ARM.Deploy.0 = Release|Any CPU
		{696ABE59-A111-4DAC-92F5-D32D4C82D94A}.Release|iPhone.ActiveCfg = Release|Any CPU
		{696ABE59-A111-4DAC-92F5-D32D4C82D94A}.Release|iPhone.Build.0 = Release|Any CPU
		{696ABE59-A111-4DAC-92F5-D32D4C82D94A}.Release|iPhone.Deploy.0 = Release|Any CPU
		{696ABE59-A111-4DAC-92F5-D32D4C82D94A}.Release|iPhoneSimulator.ActiveCfg = Release|Any CPU
		{696ABE59-A111-4DAC-92F5-D32D4C82D94A}.Release|iPhoneSimulator.Build.0 = Release|Any CPU
		{696ABE59-A111-4DAC-92F5-D32D4C82D94A}.Release|iPhoneSimulator.Deploy.0 = Release|Any CPU
		{696ABE59-A111-4DAC-92F5-D32D4C82D94A}.Release|x64.ActiveCfg = Release|Any CPU
		{696ABE59-A111-4DAC-92F5-D32D4C82D94A}.Release|x64.Build.0 = Release|Any CPU
		{696ABE59-A111-4DAC-92F5-D32D4C82D94A}.Release|x64.Deploy.0 = Release|Any CPU
		{696ABE59-A111-4DAC-92F5-D32D4C82D94A}.Release|x86.ActiveCfg = Release|Any CPU
		{696ABE59-A111-4DAC-92F5-D32D4C82D94A}.Release|x86.Build.0 = Release|Any CPU
		{696ABE59-A111-4DAC-92F5-D32D4C82D94A}.Release|x86.Deploy.0 = Release|Any CPU
	EndGlobalSection
	GlobalSection(SolutionProperties) = preSolution
		HideSolutionNode = FALSE
	EndGlobalSection
	GlobalSection(ExtensibilityGlobals) = postSolution
		SolutionGuid = {5D18C376-E43C-47EE-9EB2-0534BF4C38A0}
	EndGlobalSection
EndGlobal
