
Microsoft Visual Studio Solution File, Format Version 12.00
# Visual Studio 15
VisualStudioVersion = 15.0.28307.902
MinimumVisualStudioVersion = 10.0.40219.1
Project("{FAE04EC0-301F-11D3-BF4B-00C04F79EFBC}") = "listdisplay.Android", "listdisplay\listdisplay.Android\listdisplay.Android.csproj", "{4894F1B4-CCE6-4ED7-ABB1-DF67EB890FCE}"
EndProject
Project("{FAE04EC0-301F-11D3-BF4B-00C04F79EFBC}") = "listdisplay.iOS", "listdisplay\listdisplay.iOS\listdisplay.iOS.csproj", "{8913517D-A7C6-4C28-90F8-91685E697BE5}"
EndProject
Project("{FAE04EC0-301F-11D3-BF4B-00C04F79EFBC}") = "listdisplay.UWP", "listdisplay\listdisplay.UWP\listdisplay.UWP.csproj", "{9E1D0FF5-2D00-496C-8176-32A3B983BCEA}"
EndProject
Project("{FAE04EC0-301F-11D3-BF4B-00C04F79EFBC}") = "listdisplay", "listdisplay\listdisplay\listdisplay.csproj", "{1845797C-23D8-478D-8444-A7350C9B4A68}"
EndProject
Global
	GlobalSection(SolutionConfigurationPlatforms) = preSolution
		Ad-Hoc|Any CPU = Ad-Hoc|Any CPU
		Ad-Hoc|ARM = Ad-Hoc|ARM
		Ad-Hoc|iPhone = Ad-Hoc|iPhone
		Ad-Hoc|iPhoneSimulator = Ad-Hoc|iPhoneSimulator
		Ad-Hoc|x64 = Ad-Hoc|x64
		Ad-Hoc|x86 = Ad-Hoc|x86
		AppStore|Any CPU = AppStore|Any CPU
		AppStore|ARM = AppStore|ARM
		AppStore|iPhone = AppStore|iPhone
		AppStore|iPhoneSimulator = AppStore|iPhoneSimulator
		AppStore|x64 = AppStore|x64
		AppStore|x86 = AppStore|x86
		Debug|Any CPU = Debug|Any CPU
		Debug|ARM = Debug|ARM
		Debug|iPhone = Debug|iPhone
		Debug|iPhoneSimulator = Debug|iPhoneSimulator
		Debug|x64 = Debug|x64
		Debug|x86 = Debug|x86
		Release|Any CPU = Release|Any CPU
		Release|ARM = Release|ARM
		Release|iPhone = Release|iPhone
		Release|iPhoneSimulator = Release|iPhoneSimulator
		Release|x64 = Release|x64
		Release|x86 = Release|x86
	EndGlobalSection
	GlobalSection(ProjectConfigurationPlatforms) = postSolution
		{4894F1B4-CCE6-4ED7-ABB1-DF67EB890FCE}.Ad-Hoc|Any CPU.ActiveCfg = Release|Any CPU
		{4894F1B4-CCE6-4ED7-ABB1-DF67EB890FCE}.Ad-Hoc|Any CPU.Build.0 = Release|Any CPU
		{4894F1B4-CCE6-4ED7-ABB1-DF67EB890FCE}.Ad-Hoc|Any CPU.Deploy.0 = Release|Any CPU
		{4894F1B4-CCE6-4ED7-ABB1-DF67EB890FCE}.Ad-Hoc|ARM.ActiveCfg = Release|Any CPU
		{4894F1B4-CCE6-4ED7-ABB1-DF67EB890FCE}.Ad-Hoc|ARM.Build.0 = Release|Any CPU
		{4894F1B4-CCE6-4ED7-ABB1-DF67EB890FCE}.Ad-Hoc|ARM.Deploy.0 = Release|Any CPU
		{4894F1B4-CCE6-4ED7-ABB1-DF67EB890FCE}.Ad-Hoc|iPhone.ActiveCfg = Release|Any CPU
		{4894F1B4-CCE6-4ED7-ABB1-DF67EB890FCE}.Ad-Hoc|iPhone.Build.0 = Release|Any CPU
		{4894F1B4-CCE6-4ED7-ABB1-DF67EB890FCE}.Ad-Hoc|iPhone.Deploy.0 = Release|Any CPU
		{4894F1B4-CCE6-4ED7-ABB1-DF67EB890FCE}.Ad-Hoc|iPhoneSimulator.ActiveCfg = Release|Any CPU
		{4894F1B4-CCE6-4ED7-ABB1-DF67EB890FCE}.Ad-Hoc|iPhoneSimulator.Build.0 = Release|Any CPU
		{4894F1B4-CCE6-4ED7-ABB1-DF67EB890FCE}.Ad-Hoc|iPhoneSimulator.Deploy.0 = Release|Any CPU
		{4894F1B4-CCE6-4ED7-ABB1-DF67EB890FCE}.Ad-Hoc|x64.ActiveCfg = Release|Any CPU
		{4894F1B4-CCE6-4ED7-ABB1-DF67EB890FCE}.Ad-Hoc|x64.Build.0 = Release|Any CPU
		{4894F1B4-CCE6-4ED7-ABB1-DF67EB890FCE}.Ad-Hoc|x64.Deploy.0 = Release|Any CPU
		{4894F1B4-CCE6-4ED7-ABB1-DF67EB890FCE}.Ad-Hoc|x86.ActiveCfg = Release|Any CPU
		{4894F1B4-CCE6-4ED7-ABB1-DF67EB890FCE}.Ad-Hoc|x86.Build.0 = Release|Any CPU
		{4894F1B4-CCE6-4ED7-ABB1-DF67EB890FCE}.Ad-Hoc|x86.Deploy.0 = Release|Any CPU
		{4894F1B4-CCE6-4ED7-ABB1-DF67EB890FCE}.AppStore|Any CPU.ActiveCfg = Release|Any CPU
		{4894F1B4-CCE6-4ED7-ABB1-DF67EB890FCE}.AppStore|Any CPU.Build.0 = Release|Any CPU
		{4894F1B4-CCE6-4ED7-ABB1-DF67EB890FCE}.AppStore|Any CPU.Deploy.0 = Release|Any CPU
		{4894F1B4-CCE6-4ED7-ABB1-DF67EB890FCE}.AppStore|ARM.ActiveCfg = Release|Any CPU
		{4894F1B4-CCE6-4ED7-ABB1-DF67EB890FCE}.AppStore|ARM.Build.0 = Release|Any CPU
		{4894F1B4-CCE6-4ED7-ABB1-DF67EB890FCE}.AppStore|ARM.Deploy.0 = Release|Any CPU
		{4894F1B4-CCE6-4ED7-ABB1-DF67EB890FCE}.AppStore|iPhone.ActiveCfg = Release|Any CPU
		{4894F1B4-CCE6-4ED7-ABB1-DF67EB890FCE}.AppStore|iPhone.Build.0 = Release|Any CPU
		{4894F1B4-CCE6-4ED7-ABB1-DF67EB890FCE}.AppStore|iPhone.Deploy.0 = Release|Any CPU
		{4894F1B4-CCE6-4ED7-ABB1-DF67EB890FCE}.AppStore|iPhoneSimulator.ActiveCfg = Release|Any CPU
		{4894F1B4-CCE6-4ED7-ABB1-DF67EB890FCE}.AppStore|iPhoneSimulator.Build.0 = Release|Any CPU
		{4894F1B4-CCE6-4ED7-ABB1-DF67EB890FCE}.AppStore|iPhoneSimulator.Deploy.0 = Release|Any CPU
		{4894F1B4-CCE6-4ED7-ABB1-DF67EB890FCE}.AppStore|x64.ActiveCfg = Release|Any CPU
		{4894F1B4-CCE6-4ED7-ABB1-DF67EB890FCE}.AppStore|x64.Build.0 = Release|Any CPU
		{4894F1B4-CCE6-4ED7-ABB1-DF67EB890FCE}.AppStore|x64.Deploy.0 = Release|Any CPU
		{4894F1B4-CCE6-4ED7-ABB1-DF67EB890FCE}.AppStore|x86.ActiveCfg = Release|Any CPU
		{4894F1B4-CCE6-4ED7-ABB1-DF67EB890FCE}.AppStore|x86.Build.0 = Release|Any CPU
		{4894F1B4-CCE6-4ED7-ABB1-DF67EB890FCE}.AppStore|x86.Deploy.0 = Release|Any CPU
		{4894F1B4-CCE6-4ED7-ABB1-DF67EB890FCE}.Debug|Any CPU.ActiveCfg = Debug|Any CPU
		{4894F1B4-CCE6-4ED7-ABB1-DF67EB890FCE}.Debug|Any CPU.Build.0 = Debug|Any CPU
		{4894F1B4-CCE6-4ED7-ABB1-DF67EB890FCE}.Debug|Any CPU.Deploy.0 = Debug|Any CPU
		{4894F1B4-CCE6-4ED7-ABB1-DF67EB890FCE}.Debug|ARM.ActiveCfg = Debug|Any CPU
		{4894F1B4-CCE6-4ED7-ABB1-DF67EB890FCE}.Debug|ARM.Build.0 = Debug|Any CPU
		{4894F1B4-CCE6-4ED7-ABB1-DF67EB890FCE}.Debug|ARM.Deploy.0 = Debug|Any CPU
		{4894F1B4-CCE6-4ED7-ABB1-DF67EB890FCE}.Debug|iPhone.ActiveCfg = Debug|Any CPU
		{4894F1B4-CCE6-4ED7-ABB1-DF67EB890FCE}.Debug|iPhone.Build.0 = Debug|Any CPU
		{4894F1B4-CCE6-4ED7-ABB1-DF67EB890FCE}.Debug|iPhone.Deploy.0 = Debug|Any CPU
		{4894F1B4-CCE6-4ED7-ABB1-DF67EB890FCE}.Debug|iPhoneSimulator.ActiveCfg = Debug|Any CPU
		{4894F1B4-CCE6-4ED7-ABB1-DF67EB890FCE}.Debug|iPhoneSimulator.Build.0 = Debug|Any CPU
		{4894F1B4-CCE6-4ED7-ABB1-DF67EB890FCE}.Debug|iPhoneSimulator.Deploy.0 = Debug|Any CPU
		{4894F1B4-CCE6-4ED7-ABB1-DF67EB890FCE}.Debug|x64.ActiveCfg = Debug|Any CPU
		{4894F1B4-CCE6-4ED7-ABB1-DF67EB890FCE}.Debug|x64.Build.0 = Debug|Any CPU
		{4894F1B4-CCE6-4ED7-ABB1-DF67EB890FCE}.Debug|x64.Deploy.0 = Debug|Any CPU
		{4894F1B4-CCE6-4ED7-ABB1-DF67EB890FCE}.Debug|x86.ActiveCfg = Debug|Any CPU
		{4894F1B4-CCE6-4ED7-ABB1-DF67EB890FCE}.Debug|x86.Build.0 = Debug|Any CPU
		{4894F1B4-CCE6-4ED7-ABB1-DF67EB890FCE}.Debug|x86.Deploy.0 = Debug|Any CPU
		{4894F1B4-CCE6-4ED7-ABB1-DF67EB890FCE}.Release|Any CPU.ActiveCfg = Release|Any CPU
		{4894F1B4-CCE6-4ED7-ABB1-DF67EB890FCE}.Release|Any CPU.Build.0 = Release|Any CPU
		{4894F1B4-CCE6-4ED7-ABB1-DF67EB890FCE}.Release|Any CPU.Deploy.0 = Release|Any CPU
		{4894F1B4-CCE6-4ED7-ABB1-DF67EB890FCE}.Release|ARM.ActiveCfg = Release|Any CPU
		{4894F1B4-CCE6-4ED7-ABB1-DF67EB890FCE}.Release|ARM.Build.0 = Release|Any CPU
		{4894F1B4-CCE6-4ED7-ABB1-DF67EB890FCE}.Release|ARM.Deploy.0 = Release|Any CPU
		{4894F1B4-CCE6-4ED7-ABB1-DF67EB890FCE}.Release|iPhone.ActiveCfg = Release|Any CPU
		{4894F1B4-CCE6-4ED7-ABB1-DF67EB890FCE}.Release|iPhone.Build.0 = Release|Any CPU
		{4894F1B4-CCE6-4ED7-ABB1-DF67EB890FCE}.Release|iPhone.Deploy.0 = Release|Any CPU
		{4894F1B4-CCE6-4ED7-ABB1-DF67EB890FCE}.Release|iPhoneSimulator.ActiveCfg = Release|Any CPU
		{4894F1B4-CCE6-4ED7-ABB1-DF67EB890FCE}.Release|iPhoneSimulator.Build.0 = Release|Any CPU
		{4894F1B4-CCE6-4ED7-ABB1-DF67EB890FCE}.Release|iPhoneSimulator.Deploy.0 = Release|Any CPU
		{4894F1B4-CCE6-4ED7-ABB1-DF67EB890FCE}.Release|x64.ActiveCfg = Release|Any CPU
		{4894F1B4-CCE6-4ED7-ABB1-DF67EB890FCE}.Release|x64.Build.0 = Release|Any CPU
		{4894F1B4-CCE6-4ED7-ABB1-DF67EB890FCE}.Release|x64.Deploy.0 = Release|Any CPU
		{4894F1B4-CCE6-4ED7-ABB1-DF67EB890FCE}.Release|x86.ActiveCfg = Release|Any CPU
		{4894F1B4-CCE6-4ED7-ABB1-DF67EB890FCE}.Release|x86.Build.0 = Release|Any CPU
		{4894F1B4-CCE6-4ED7-ABB1-DF67EB890FCE}.Release|x86.Deploy.0 = Release|Any CPU
		{8913517D-A7C6-4C28-90F8-91685E697BE5}.Ad-Hoc|Any CPU.ActiveCfg = Ad-Hoc|iPhone
		{8913517D-A7C6-4C28-90F8-91685E697BE5}.Ad-Hoc|Any CPU.Build.0 = Ad-Hoc|iPhone
		{8913517D-A7C6-4C28-90F8-91685E697BE5}.Ad-Hoc|Any CPU.Deploy.0 = Ad-Hoc|iPhone
		{8913517D-A7C6-4C28-90F8-91685E697BE5}.Ad-Hoc|ARM.ActiveCfg = Ad-Hoc|iPhone
		{8913517D-A7C6-4C28-90F8-91685E697BE5}.Ad-Hoc|ARM.Build.0 = Ad-Hoc|iPhone
		{8913517D-A7C6-4C28-90F8-91685E697BE5}.Ad-Hoc|ARM.Deploy.0 = Ad-Hoc|iPhone
		{8913517D-A7C6-4C28-90F8-91685E697BE5}.Ad-Hoc|iPhone.ActiveCfg = Ad-Hoc|iPhone
		{8913517D-A7C6-4C28-90F8-91685E697BE5}.Ad-Hoc|iPhone.Build.0 = Ad-Hoc|iPhone
		{8913517D-A7C6-4C28-90F8-91685E697BE5}.Ad-Hoc|iPhone.Deploy.0 = Ad-Hoc|iPhone
		{8913517D-A7C6-4C28-90F8-91685E697BE5}.Ad-Hoc|iPhoneSimulator.ActiveCfg = Ad-Hoc|iPhoneSimulator
		{8913517D-A7C6-4C28-90F8-91685E697BE5}.Ad-Hoc|iPhoneSimulator.Build.0 = Ad-Hoc|iPhoneSimulator
		{8913517D-A7C6-4C28-90F8-91685E697BE5}.Ad-Hoc|iPhoneSimulator.Deploy.0 = Ad-Hoc|iPhoneSimulator
		{8913517D-A7C6-4C28-90F8-91685E697BE5}.Ad-Hoc|x64.ActiveCfg = Ad-Hoc|iPhone
		{8913517D-A7C6-4C28-90F8-91685E697BE5}.Ad-Hoc|x64.Build.0 = Ad-Hoc|iPhone
		{8913517D-A7C6-4C28-90F8-91685E697BE5}.Ad-Hoc|x64.Deploy.0 = Ad-Hoc|iPhone
		{8913517D-A7C6-4C28-90F8-91685E697BE5}.Ad-Hoc|x86.ActiveCfg = Ad-Hoc|iPhone
		{8913517D-A7C6-4C28-90F8-91685E697BE5}.Ad-Hoc|x86.Build.0 = Ad-Hoc|iPhone
		{8913517D-A7C6-4C28-90F8-91685E697BE5}.Ad-Hoc|x86.Deploy.0 = Ad-Hoc|iPhone
		{8913517D-A7C6-4C28-90F8-91685E697BE5}.AppStore|Any CPU.ActiveCfg = AppStore|iPhone
		{8913517D-A7C6-4C28-90F8-91685E697BE5}.AppStore|Any CPU.Build.0 = AppStore|iPhone
		{8913517D-A7C6-4C28-90F8-91685E697BE5}.AppStore|Any CPU.Deploy.0 = AppStore|iPhone
		{8913517D-A7C6-4C28-90F8-91685E697BE5}.AppStore|ARM.ActiveCfg = AppStore|iPhone
		{8913517D-A7C6-4C28-90F8-91685E697BE5}.AppStore|ARM.Build.0 = AppStore|iPhone
		{8913517D-A7C6-4C28-90F8-91685E697BE5}.AppStore|ARM.Deploy.0 = AppStore|iPhone
		{8913517D-A7C6-4C28-90F8-91685E697BE5}.AppStore|iPhone.ActiveCfg = AppStore|iPhone
		{8913517D-A7C6-4C28-90F8-91685E697BE5}.AppStore|iPhone.Build.0 = AppStore|iPhone
		{8913517D-A7C6-4C28-90F8-91685E697BE5}.AppStore|iPhone.Deploy.0 = AppStore|iPhone
		{8913517D-A7C6-4C28-90F8-91685E697BE5}.AppStore|iPhoneSimulator.ActiveCfg = AppStore|iPhoneSimulator
		{8913517D-A7C6-4C28-90F8-91685E697BE5}.AppStore|iPhoneSimulator.Build.0 = AppStore|iPhoneSimulator
		{8913517D-A7C6-4C28-90F8-91685E697BE5}.AppStore|iPhoneSimulator.Deploy.0 = AppStore|iPhoneSimulator
		{8913517D-A7C6-4C28-90F8-91685E697BE5}.AppStore|x64.ActiveCfg = AppStore|iPhone
		{8913517D-A7C6-4C28-90F8-91685E697BE5}.AppStore|x64.Build.0 = AppStore|iPhone
		{8913517D-A7C6-4C28-90F8-91685E697BE5}.AppStore|x64.Deploy.0 = AppStore|iPhone
		{8913517D-A7C6-4C28-90F8-91685E697BE5}.AppStore|x86.ActiveCfg = AppStore|iPhone
		{8913517D-A7C6-4C28-90F8-91685E697BE5}.AppStore|x86.Build.0 = AppStore|iPhone
		{8913517D-A7C6-4C28-90F8-91685E697BE5}.AppStore|x86.Deploy.0 = AppStore|iPhone
		{8913517D-A7C6-4C28-90F8-91685E697BE5}.Debug|Any CPU.ActiveCfg = Debug|iPhoneSimulator
		{8913517D-A7C6-4C28-90F8-91685E697BE5}.Debug|Any CPU.Build.0 = Debug|iPhoneSimulator
		{8913517D-A7C6-4C28-90F8-91685E697BE5}.Debug|Any CPU.Deploy.0 = Debug|iPhoneSimulator
		{8913517D-A7C6-4C28-90F8-91685E697BE5}.Debug|ARM.ActiveCfg = Debug|iPhone
		{8913517D-A7C6-4C28-90F8-91685E697BE5}.Debug|ARM.Build.0 = Debug|iPhone
		{8913517D-A7C6-4C28-90F8-91685E697BE5}.Debug|ARM.Deploy.0 = Debug|iPhone
		{8913517D-A7C6-4C28-90F8-91685E697BE5}.Debug|iPhone.ActiveCfg = Debug|iPhone
		{8913517D-A7C6-4C28-90F8-91685E697BE5}.Debug|iPhone.Build.0 = Debug|iPhone
		{8913517D-A7C6-4C28-90F8-91685E697BE5}.Debug|iPhone.Deploy.0 = Debug|iPhone
		{8913517D-A7C6-4C28-90F8-91685E697BE5}.Debug|iPhoneSimulator.ActiveCfg = Debug|iPhoneSimulator
		{8913517D-A7C6-4C28-90F8-91685E697BE5}.Debug|iPhoneSimulator.Build.0 = Debug|iPhoneSimulator
		{8913517D-A7C6-4C28-90F8-91685E697BE5}.Debug|iPhoneSimulator.Deploy.0 = Debug|iPhoneSimulator
		{8913517D-A7C6-4C28-90F8-91685E697BE5}.Debug|x64.ActiveCfg = Debug|iPhone
		{8913517D-A7C6-4C28-90F8-91685E697BE5}.Debug|x64.Build.0 = Debug|iPhone
		{8913517D-A7C6-4C28-90F8-91685E697BE5}.Debug|x64.Deploy.0 = Debug|iPhone
		{8913517D-A7C6-4C28-90F8-91685E697BE5}.Debug|x86.ActiveCfg = Debug|iPhone
		{8913517D-A7C6-4C28-90F8-91685E697BE5}.Debug|x86.Build.0 = Debug|iPhone
		{8913517D-A7C6-4C28-90F8-91685E697BE5}.Debug|x86.Deploy.0 = Debug|iPhone
		{8913517D-A7C6-4C28-90F8-91685E697BE5}.Release|Any CPU.ActiveCfg = Release|iPhone
		{8913517D-A7C6-4C28-90F8-91685E697BE5}.Release|Any CPU.Build.0 = Release|iPhone
		{8913517D-A7C6-4C28-90F8-91685E697BE5}.Release|Any CPU.Deploy.0 = Release|iPhone
		{8913517D-A7C6-4C28-90F8-91685E697BE5}.Release|ARM.ActiveCfg = Release|iPhone
		{8913517D-A7C6-4C28-90F8-91685E697BE5}.Release|ARM.Build.0 = Release|iPhone
		{8913517D-A7C6-4C28-90F8-91685E697BE5}.Release|ARM.Deploy.0 = Release|iPhone
		{8913517D-A7C6-4C28-90F8-91685E697BE5}.Release|iPhone.ActiveCfg = Release|iPhone
		{8913517D-A7C6-4C28-90F8-91685E697BE5}.Release|iPhone.Build.0 = Release|iPhone
		{8913517D-A7C6-4C28-90F8-91685E697BE5}.Release|iPhone.Deploy.0 = Release|iPhone
		{8913517D-A7C6-4C28-90F8-91685E697BE5}.Release|iPhoneSimulator.ActiveCfg = Release|iPhoneSimulator
		{8913517D-A7C6-4C28-90F8-91685E697BE5}.Release|iPhoneSimulator.Build.0 = Release|iPhoneSimulator
		{8913517D-A7C6-4C28-90F8-91685E697BE5}.Release|iPhoneSimulator.Deploy.0 = Release|iPhoneSimulator
		{8913517D-A7C6-4C28-90F8-91685E697BE5}.Release|x64.ActiveCfg = Release|iPhone
		{8913517D-A7C6-4C28-90F8-91685E697BE5}.Release|x64.Build.0 = Release|iPhone
		{8913517D-A7C6-4C28-90F8-91685E697BE5}.Release|x64.Deploy.0 = Release|iPhone
		{8913517D-A7C6-4C28-90F8-91685E697BE5}.Release|x86.ActiveCfg = Release|iPhone
		{8913517D-A7C6-4C28-90F8-91685E697BE5}.Release|x86.Build.0 = Release|iPhone
		{8913517D-A7C6-4C28-90F8-91685E697BE5}.Release|x86.Deploy.0 = Release|iPhone
		{9E1D0FF5-2D00-496C-8176-32A3B983BCEA}.Ad-Hoc|Any CPU.ActiveCfg = Release|x86
		{9E1D0FF5-2D00-496C-8176-32A3B983BCEA}.Ad-Hoc|Any CPU.Build.0 = Release|x86
		{9E1D0FF5-2D00-496C-8176-32A3B983BCEA}.Ad-Hoc|Any CPU.Deploy.0 = Release|x86
		{9E1D0FF5-2D00-496C-8176-32A3B983BCEA}.Ad-Hoc|ARM.ActiveCfg = Release|ARM
		{9E1D0FF5-2D00-496C-8176-32A3B983BCEA}.Ad-Hoc|ARM.Build.0 = Release|ARM
		{9E1D0FF5-2D00-496C-8176-32A3B983BCEA}.Ad-Hoc|ARM.Deploy.0 = Release|ARM
		{9E1D0FF5-2D00-496C-8176-32A3B983BCEA}.Ad-Hoc|iPhone.ActiveCfg = Release|x86
		{9E1D0FF5-2D00-496C-8176-32A3B983BCEA}.Ad-Hoc|iPhone.Build.0 = Release|x86
		{9E1D0FF5-2D00-496C-8176-32A3B983BCEA}.Ad-Hoc|iPhone.Deploy.0 = Release|x86
		{9E1D0FF5-2D00-496C-8176-32A3B983BCEA}.Ad-Hoc|iPhoneSimulator.ActiveCfg = Release|x86
		{9E1D0FF5-2D00-496C-8176-32A3B983BCEA}.Ad-Hoc|iPhoneSimulator.Build.0 = Release|x86
		{9E1D0FF5-2D00-496C-8176-32A3B983BCEA}.Ad-Hoc|iPhoneSimulator.Deploy.0 = Release|x86
		{9E1D0FF5-2D00-496C-8176-32A3B983BCEA}.Ad-Hoc|x64.ActiveCfg = Release|x64
		{9E1D0FF5-2D00-496C-8176-32A3B983BCEA}.Ad-Hoc|x64.Build.0 = Release|x64
		{9E1D0FF5-2D00-496C-8176-32A3B983BCEA}.Ad-Hoc|x64.Deploy.0 = Release|x64
		{9E1D0FF5-2D00-496C-8176-32A3B983BCEA}.Ad-Hoc|x86.ActiveCfg = Release|x86
		{9E1D0FF5-2D00-496C-8176-32A3B983BCEA}.Ad-Hoc|x86.Build.0 = Release|x86
		{9E1D0FF5-2D00-496C-8176-32A3B983BCEA}.Ad-Hoc|x86.Deploy.0 = Release|x86
		{9E1D0FF5-2D00-496C-8176-32A3B983BCEA}.AppStore|Any CPU.ActiveCfg = Release|x86
		{9E1D0FF5-2D00-496C-8176-32A3B983BCEA}.AppStore|Any CPU.Build.0 = Release|x86
		{9E1D0FF5-2D00-496C-8176-32A3B983BCEA}.AppStore|Any CPU.Deploy.0 = Release|x86
		{9E1D0FF5-2D00-496C-8176-32A3B983BCEA}.AppStore|ARM.ActiveCfg = Release|ARM
		{9E1D0FF5-2D00-496C-8176-32A3B983BCEA}.AppStore|ARM.Build.0 = Release|ARM
		{9E1D0FF5-2D00-496C-8176-32A3B983BCEA}.AppStore|ARM.Deploy.0 = Release|ARM
		{9E1D0FF5-2D00-496C-8176-32A3B983BCEA}.AppStore|iPhone.ActiveCfg = Release|x86
		{9E1D0FF5-2D00-496C-8176-32A3B983BCEA}.AppStore|iPhone.Build.0 = Release|x86
		{9E1D0FF5-2D00-496C-8176-32A3B983BCEA}.AppStore|iPhone.Deploy.0 = Release|x86
		{9E1D0FF5-2D00-496C-8176-32A3B983BCEA}.AppStore|iPhoneSimulator.ActiveCfg = Release|x86
		{9E1D0FF5-2D00-496C-8176-32A3B983BCEA}.AppStore|iPhoneSimulator.Build.0 = Release|x86
		{9E1D0FF5-2D00-496C-8176-32A3B983BCEA}.AppStore|iPhoneSimulator.Deploy.0 = Release|x86
		{9E1D0FF5-2D00-496C-8176-32A3B983BCEA}.AppStore|x64.ActiveCfg = Release|x64
		{9E1D0FF5-2D00-496C-8176-32A3B983BCEA}.AppStore|x64.Build.0 = Release|x64
		{9E1D0FF5-2D00-496C-8176-32A3B983BCEA}.AppStore|x64.Deploy.0 = Release|x64
		{9E1D0FF5-2D00-496C-8176-32A3B983BCEA}.AppStore|x86.ActiveCfg = Release|x86
		{9E1D0FF5-2D00-496C-8176-32A3B983BCEA}.AppStore|x86.Build.0 = Release|x86
		{9E1D0FF5-2D00-496C-8176-32A3B983BCEA}.AppStore|x86.Deploy.0 = Release|x86
		{9E1D0FF5-2D00-496C-8176-32A3B983BCEA}.Debug|Any CPU.ActiveCfg = Debug|x86
		{9E1D0FF5-2D00-496C-8176-32A3B983BCEA}.Debug|Any CPU.Build.0 = Debug|x86
		{9E1D0FF5-2D00-496C-8176-32A3B983BCEA}.Debug|Any CPU.Deploy.0 = Debug|x86
		{9E1D0FF5-2D00-496C-8176-32A3B983BCEA}.Debug|ARM.ActiveCfg = Debug|ARM
		{9E1D0FF5-2D00-496C-8176-32A3B983BCEA}.Debug|ARM.Build.0 = Debug|ARM
		{9E1D0FF5-2D00-496C-8176-32A3B983BCEA}.Debug|ARM.Deploy.0 = Debug|ARM
		{9E1D0FF5-2D00-496C-8176-32A3B983BCEA}.Debug|iPhone.ActiveCfg = Debug|x86
		{9E1D0FF5-2D00-496C-8176-32A3B983BCEA}.Debug|iPhone.Build.0 = Debug|x86
		{9E1D0FF5-2D00-496C-8176-32A3B983BCEA}.Debug|iPhone.Deploy.0 = Debug|x86
		{9E1D0FF5-2D00-496C-8176-32A3B983BCEA}.Debug|iPhoneSimulator.ActiveCfg = Debug|x86
		{9E1D0FF5-2D00-496C-8176-32A3B983BCEA}.Debug|iPhoneSimulator.Build.0 = Debug|x86
		{9E1D0FF5-2D00-496C-8176-32A3B983BCEA}.Debug|iPhoneSimulator.Deploy.0 = Debug|x86
		{9E1D0FF5-2D00-496C-8176-32A3B983BCEA}.Debug|x64.ActiveCfg = Debug|x64
		{9E1D0FF5-2D00-496C-8176-32A3B983BCEA}.Debug|x64.Build.0 = Debug|x64
		{9E1D0FF5-2D00-496C-8176-32A3B983BCEA}.Debug|x64.Deploy.0 = Debug|x64
		{9E1D0FF5-2D00-496C-8176-32A3B983BCEA}.Debug|x86.ActiveCfg = Debug|x86
		{9E1D0FF5-2D00-496C-8176-32A3B983BCEA}.Debug|x86.Build.0 = Debug|x86
		{9E1D0FF5-2D00-496C-8176-32A3B983BCEA}.Debug|x86.Deploy.0 = Debug|x86
		{9E1D0FF5-2D00-496C-8176-32A3B983BCEA}.Release|Any CPU.ActiveCfg = Release|x86
		{9E1D0FF5-2D00-496C-8176-32A3B983BCEA}.Release|Any CPU.Build.0 = Release|x86
		{9E1D0FF5-2D00-496C-8176-32A3B983BCEA}.Release|Any CPU.Deploy.0 = Release|x86
		{9E1D0FF5-2D00-496C-8176-32A3B983BCEA}.Release|ARM.ActiveCfg = Release|ARM
		{9E1D0FF5-2D00-496C-8176-32A3B983BCEA}.Release|ARM.Build.0 = Release|ARM
		{9E1D0FF5-2D00-496C-8176-32A3B983BCEA}.Release|ARM.Deploy.0 = Release|ARM
		{9E1D0FF5-2D00-496C-8176-32A3B983BCEA}.Release|iPhone.ActiveCfg = Release|x86
		{9E1D0FF5-2D00-496C-8176-32A3B983BCEA}.Release|iPhone.Build.0 = Release|x86
		{9E1D0FF5-2D00-496C-8176-32A3B983BCEA}.Release|iPhone.Deploy.0 = Release|x86
		{9E1D0FF5-2D00-496C-8176-32A3B983BCEA}.Release|iPhoneSimulator.ActiveCfg = Release|x86
		{9E1D0FF5-2D00-496C-8176-32A3B983BCEA}.Release|iPhoneSimulator.Build.0 = Release|x86
		{9E1D0FF5-2D00-496C-8176-32A3B983BCEA}.Release|iPhoneSimulator.Deploy.0 = Release|x86
		{9E1D0FF5-2D00-496C-8176-32A3B983BCEA}.Release|x64.ActiveCfg = Release|x64
		{9E1D0FF5-2D00-496C-8176-32A3B983BCEA}.Release|x64.Build.0 = Release|x64
		{9E1D0FF5-2D00-496C-8176-32A3B983BCEA}.Release|x64.Deploy.0 = Release|x64
		{9E1D0FF5-2D00-496C-8176-32A3B983BCEA}.Release|x86.ActiveCfg = Release|x86
		{9E1D0FF5-2D00-496C-8176-32A3B983BCEA}.Release|x86.Build.0 = Release|x86
		{9E1D0FF5-2D00-496C-8176-32A3B983BCEA}.Release|x86.Deploy.0 = Release|x86
		{1845797C-23D8-478D-8444-A7350C9B4A68}.Ad-Hoc|Any CPU.ActiveCfg = Debug|Any CPU
		{1845797C-23D8-478D-8444-A7350C9B4A68}.Ad-Hoc|Any CPU.Build.0 = Debug|Any CPU
		{1845797C-23D8-478D-8444-A7350C9B4A68}.Ad-Hoc|Any CPU.Deploy.0 = Debug|Any CPU
		{1845797C-23D8-478D-8444-A7350C9B4A68}.Ad-Hoc|ARM.ActiveCfg = Debug|Any CPU
		{1845797C-23D8-478D-8444-A7350C9B4A68}.Ad-Hoc|ARM.Build.0 = Debug|Any CPU
		{1845797C-23D8-478D-8444-A7350C9B4A68}.Ad-Hoc|ARM.Deploy.0 = Debug|Any CPU
		{1845797C-23D8-478D-8444-A7350C9B4A68}.Ad-Hoc|iPhone.ActiveCfg = Debug|Any CPU
		{1845797C-23D8-478D-8444-A7350C9B4A68}.Ad-Hoc|iPhone.Build.0 = Debug|Any CPU
		{1845797C-23D8-478D-8444-A7350C9B4A68}.Ad-Hoc|iPhone.Deploy.0 = Debug|Any CPU
		{1845797C-23D8-478D-8444-A7350C9B4A68}.Ad-Hoc|iPhoneSimulator.ActiveCfg = Debug|Any CPU
		{1845797C-23D8-478D-8444-A7350C9B4A68}.Ad-Hoc|iPhoneSimulator.Build.0 = Debug|Any CPU
		{1845797C-23D8-478D-8444-A7350C9B4A68}.Ad-Hoc|iPhoneSimulator.Deploy.0 = Debug|Any CPU
		{1845797C-23D8-478D-8444-A7350C9B4A68}.Ad-Hoc|x64.ActiveCfg = Debug|Any CPU
		{1845797C-23D8-478D-8444-A7350C9B4A68}.Ad-Hoc|x64.Build.0 = Debug|Any CPU
		{1845797C-23D8-478D-8444-A7350C9B4A68}.Ad-Hoc|x64.Deploy.0 = Debug|Any CPU
		{1845797C-23D8-478D-8444-A7350C9B4A68}.Ad-Hoc|x86.ActiveCfg = Debug|Any CPU
		{1845797C-23D8-478D-8444-A7350C9B4A68}.Ad-Hoc|x86.Build.0 = Debug|Any CPU
		{1845797C-23D8-478D-8444-A7350C9B4A68}.Ad-Hoc|x86.Deploy.0 = Debug|Any CPU
		{1845797C-23D8-478D-8444-A7350C9B4A68}.AppStore|Any CPU.ActiveCfg = Debug|Any CPU
		{1845797C-23D8-478D-8444-A7350C9B4A68}.AppStore|Any CPU.Build.0 = Debug|Any CPU
		{1845797C-23D8-478D-8444-A7350C9B4A68}.AppStore|Any CPU.Deploy.0 = Debug|Any CPU
		{1845797C-23D8-478D-8444-A7350C9B4A68}.AppStore|ARM.ActiveCfg = Debug|Any CPU
		{1845797C-23D8-478D-8444-A7350C9B4A68}.AppStore|ARM.Build.0 = Debug|Any CPU
		{1845797C-23D8-478D-8444-A7350C9B4A68}.AppStore|ARM.Deploy.0 = Debug|Any CPU
		{1845797C-23D8-478D-8444-A7350C9B4A68}.AppStore|iPhone.ActiveCfg = Debug|Any CPU
		{1845797C-23D8-478D-8444-A7350C9B4A68}.AppStore|iPhone.Build.0 = Debug|Any CPU
		{1845797C-23D8-478D-8444-A7350C9B4A68}.AppStore|iPhone.Deploy.0 = Debug|Any CPU
		{1845797C-23D8-478D-8444-A7350C9B4A68}.AppStore|iPhoneSimulator.ActiveCfg = Debug|Any CPU
		{1845797C-23D8-478D-8444-A7350C9B4A68}.AppStore|iPhoneSimulator.Build.0 = Debug|Any CPU
		{1845797C-23D8-478D-8444-A7350C9B4A68}.AppStore|iPhoneSimulator.Deploy.0 = Debug|Any CPU
		{1845797C-23D8-478D-8444-A7350C9B4A68}.AppStore|x64.ActiveCfg = Debug|Any CPU
		{1845797C-23D8-478D-8444-A7350C9B4A68}.AppStore|x64.Build.0 = Debug|Any CPU
		{1845797C-23D8-478D-8444-A7350C9B4A68}.AppStore|x64.Deploy.0 = Debug|Any CPU
		{1845797C-23D8-478D-8444-A7350C9B4A68}.AppStore|x86.ActiveCfg = Debug|Any CPU
		{1845797C-23D8-478D-8444-A7350C9B4A68}.AppStore|x86.Build.0 = Debug|Any CPU
		{1845797C-23D8-478D-8444-A7350C9B4A68}.AppStore|x86.Deploy.0 = Debug|Any CPU
		{1845797C-23D8-478D-8444-A7350C9B4A68}.Debug|Any CPU.ActiveCfg = Debug|Any CPU
		{1845797C-23D8-478D-8444-A7350C9B4A68}.Debug|Any CPU.Build.0 = Debug|Any CPU
		{1845797C-23D8-478D-8444-A7350C9B4A68}.Debug|Any CPU.Deploy.0 = Debug|Any CPU
		{1845797C-23D8-478D-8444-A7350C9B4A68}.Debug|ARM.ActiveCfg = Debug|Any CPU
		{1845797C-23D8-478D-8444-A7350C9B4A68}.Debug|ARM.Build.0 = Debug|Any CPU
		{1845797C-23D8-478D-8444-A7350C9B4A68}.Debug|ARM.Deploy.0 = Debug|Any CPU
		{1845797C-23D8-478D-8444-A7350C9B4A68}.Debug|iPhone.ActiveCfg = Debug|Any CPU
		{1845797C-23D8-478D-8444-A7350C9B4A68}.Debug|iPhone.Build.0 = Debug|Any CPU
		{1845797C-23D8-478D-8444-A7350C9B4A68}.Debug|iPhone.Deploy.0 = Debug|Any CPU
		{1845797C-23D8-478D-8444-A7350C9B4A68}.Debug|iPhoneSimulator.ActiveCfg = Debug|Any CPU
		{1845797C-23D8-478D-8444-A7350C9B4A68}.Debug|iPhoneSimulator.Build.0 = Debug|Any CPU
		{1845797C-23D8-478D-8444-A7350C9B4A68}.Debug|iPhoneSimulator.Deploy.0 = Debug|Any CPU
		{1845797C-23D8-478D-8444-A7350C9B4A68}.Debug|x64.ActiveCfg = Debug|Any CPU
		{1845797C-23D8-478D-8444-A7350C9B4A68}.Debug|x64.Build.0 = Debug|Any CPU
		{1845797C-23D8-478D-8444-A7350C9B4A68}.Debug|x64.Deploy.0 = Debug|Any CPU
		{1845797C-23D8-478D-8444-A7350C9B4A68}.Debug|x86.ActiveCfg = Debug|Any CPU
		{1845797C-23D8-478D-8444-A7350C9B4A68}.Debug|x86.Build.0 = Debug|Any CPU
		{1845797C-23D8-478D-8444-A7350C9B4A68}.Debug|x86.Deploy.0 = Debug|Any CPU
		{1845797C-23D8-478D-8444-A7350C9B4A68}.Release|Any CPU.ActiveCfg = Release|Any CPU
		{1845797C-23D8-478D-8444-A7350C9B4A68}.Release|Any CPU.Build.0 = Release|Any CPU
		{1845797C-23D8-478D-8444-A7350C9B4A68}.Release|Any CPU.Deploy.0 = Release|Any CPU
		{1845797C-23D8-478D-8444-A7350C9B4A68}.Release|ARM.ActiveCfg = Release|Any CPU
		{1845797C-23D8-478D-8444-A7350C9B4A68}.Release|ARM.Build.0 = Release|Any CPU
		{1845797C-23D8-478D-8444-A7350C9B4A68}.Release|ARM.Deploy.0 = Release|Any CPU
		{1845797C-23D8-478D-8444-A7350C9B4A68}.Release|iPhone.ActiveCfg = Release|Any CPU
		{1845797C-23D8-478D-8444-A7350C9B4A68}.Release|iPhone.Build.0 = Release|Any CPU
		{1845797C-23D8-478D-8444-A7350C9B4A68}.Release|iPhone.Deploy.0 = Release|Any CPU
		{1845797C-23D8-478D-8444-A7350C9B4A68}.Release|iPhoneSimulator.ActiveCfg = Release|Any CPU
		{1845797C-23D8-478D-8444-A7350C9B4A68}.Release|iPhoneSimulator.Build.0 = Release|Any CPU
		{1845797C-23D8-478D-8444-A7350C9B4A68}.Release|iPhoneSimulator.Deploy.0 = Release|Any CPU
		{1845797C-23D8-478D-8444-A7350C9B4A68}.Release|x64.ActiveCfg = Release|Any CPU
		{1845797C-23D8-478D-8444-A7350C9B4A68}.Release|x64.Build.0 = Release|Any CPU
		{1845797C-23D8-478D-8444-A7350C9B4A68}.Release|x64.Deploy.0 = Release|Any CPU
		{1845797C-23D8-478D-8444-A7350C9B4A68}.Release|x86.ActiveCfg = Release|Any CPU
		{1845797C-23D8-478D-8444-A7350C9B4A68}.Release|x86.Build.0 = Release|Any CPU
		{1845797C-23D8-478D-8444-A7350C9B4A68}.Release|x86.Deploy.0 = Release|Any CPU
	EndGlobalSection
	GlobalSection(SolutionProperties) = preSolution
		HideSolutionNode = FALSE
	EndGlobalSection
	GlobalSection(ExtensibilityGlobals) = postSolution
		SolutionGuid = {457C89AF-1E97-41C1-80EC-F09CA35C3CFB}
	EndGlobalSection
EndGlobal
